
Microsoft Visual Studio Solution File, Format Version 12.00
# Visual Studio Version 16
VisualStudioVersion = 16.0.31105.61
MinimumVisualStudioVersion = 10.0.40219.1
Project("{9A19103F-16F7-4668-BE54-9A1E7A4F7556}") = "BlueJay.App", "BlueJay.App\BlueJay.App.csproj", "{6F21BA99-DC22-40F2-8DD6-DFF0BB357240}"
EndProject
Project("{2150E333-8FDC-42A3-9474-1A3956D46DE8}") = "lib", "lib", "{E040FF78-13D0-494D-88A7-753FE4B7C4B7}"
EndProject
Project("{9A19103F-16F7-4668-BE54-9A1E7A4F7556}") = "BlueJay.Component.System", "lib\BlueJay.Component.System\BlueJay.Component.System.csproj", "{3DF0932E-182F-41BE-8CC1-C0363520E7FF}"
EndProject
Project("{9A19103F-16F7-4668-BE54-9A1E7A4F7556}") = "BlueJay.Core", "lib\BlueJay.Core\BlueJay.Core.csproj", "{E1834302-4B28-4845-8D03-9C78A00D63E7}"
EndProject
Project("{9A19103F-16F7-4668-BE54-9A1E7A4F7556}") = "BlueJay.Events", "lib\BlueJay.Events\BlueJay.Events.csproj", "{4226338C-261B-4C09-89EA-258E2F96E4E6}"
EndProject
Project("{9A19103F-16F7-4668-BE54-9A1E7A4F7556}") = "BlueJay", "lib\BlueJay\BlueJay.csproj", "{77F7ABC5-55BB-48C0-B589-402F0A8C35E1}"
EndProject
Project("{9A19103F-16F7-4668-BE54-9A1E7A4F7556}") = "BlueJay.UI", "lib\BlueJay.UI\BlueJay.UI.csproj", "{45C9F90E-6D1E-4967-B323-3FF4508D317E}"
EndProject
Project("{2150E333-8FDC-42A3-9474-1A3956D46DE8}") = "tests", "tests", "{171AD673-8BEC-409D-A6B7-C08EAB24E4A9}"
EndProject
Project("{FAE04EC0-301F-11D3-BF4B-00C04F79EFBC}") = "BlueJay.Core.Test", "tests\BlueJay.Core.Test\BlueJay.Core.Test.csproj", "{8FC5F8EF-74AC-4388-B06C-F16F4F32B0AF}"
EndProject
Global
	GlobalSection(SolutionConfigurationPlatforms) = preSolution
		Debug|Any CPU = Debug|Any CPU
		Release|Any CPU = Release|Any CPU
	EndGlobalSection
	GlobalSection(ProjectConfigurationPlatforms) = postSolution
		{6F21BA99-DC22-40F2-8DD6-DFF0BB357240}.Debug|Any CPU.ActiveCfg = Debug|Any CPU
		{6F21BA99-DC22-40F2-8DD6-DFF0BB357240}.Debug|Any CPU.Build.0 = Debug|Any CPU
		{6F21BA99-DC22-40F2-8DD6-DFF0BB357240}.Release|Any CPU.ActiveCfg = Release|Any CPU
		{6F21BA99-DC22-40F2-8DD6-DFF0BB357240}.Release|Any CPU.Build.0 = Release|Any CPU
		{3DF0932E-182F-41BE-8CC1-C0363520E7FF}.Debug|Any CPU.ActiveCfg = Debug|Any CPU
		{3DF0932E-182F-41BE-8CC1-C0363520E7FF}.Debug|Any CPU.Build.0 = Debug|Any CPU
		{3DF0932E-182F-41BE-8CC1-C0363520E7FF}.Release|Any CPU.ActiveCfg = Release|Any CPU
		{3DF0932E-182F-41BE-8CC1-C0363520E7FF}.Release|Any CPU.Build.0 = Release|Any CPU
		{E1834302-4B28-4845-8D03-9C78A00D63E7}.Debug|Any CPU.ActiveCfg = Debug|Any CPU
		{E1834302-4B28-4845-8D03-9C78A00D63E7}.Debug|Any CPU.Build.0 = Debug|Any CPU
		{E1834302-4B28-4845-8D03-9C78A00D63E7}.Release|Any CPU.ActiveCfg = Release|Any CPU
		{E1834302-4B28-4845-8D03-9C78A00D63E7}.Release|Any CPU.Build.0 = Release|Any CPU
		{4226338C-261B-4C09-89EA-258E2F96E4E6}.Debug|Any CPU.ActiveCfg = Debug|Any CPU
		{4226338C-261B-4C09-89EA-258E2F96E4E6}.Debug|Any CPU.Build.0 = Debug|Any CPU
		{4226338C-261B-4C09-89EA-258E2F96E4E6}.Release|Any CPU.ActiveCfg = Release|Any CPU
		{4226338C-261B-4C09-89EA-258E2F96E4E6}.Release|Any CPU.Build.0 = Release|Any CPU
		{77F7ABC5-55BB-48C0-B589-402F0A8C35E1}.Debug|Any CPU.ActiveCfg = Debug|Any CPU
		{77F7ABC5-55BB-48C0-B589-402F0A8C35E1}.Debug|Any CPU.Build.0 = Debug|Any CPU
		{77F7ABC5-55BB-48C0-B589-402F0A8C35E1}.Release|Any CPU.ActiveCfg = Release|Any CPU
		{77F7ABC5-55BB-48C0-B589-402F0A8C35E1}.Release|Any CPU.Build.0 = Release|Any CPU
		{45C9F90E-6D1E-4967-B323-3FF4508D317E}.Debug|Any CPU.ActiveCfg = Debug|Any CPU
		{45C9F90E-6D1E-4967-B323-3FF4508D317E}.Debug|Any CPU.Build.0 = Debug|Any CPU
		{45C9F90E-6D1E-4967-B323-3FF4508D317E}.Release|Any CPU.ActiveCfg = Release|Any CPU
		{45C9F90E-6D1E-4967-B323-3FF4508D317E}.Release|Any CPU.Build.0 = Release|Any CPU
		{8FC5F8EF-74AC-4388-B06C-F16F4F32B0AF}.Debug|Any CPU.ActiveCfg = Debug|Any CPU
		{8FC5F8EF-74AC-4388-B06C-F16F4F32B0AF}.Debug|Any CPU.Build.0 = Debug|Any CPU
		{8FC5F8EF-74AC-4388-B06C-F16F4F32B0AF}.Release|Any CPU.ActiveCfg = Release|Any CPU
		{8FC5F8EF-74AC-4388-B06C-F16F4F32B0AF}.Release|Any CPU.Build.0 = Release|Any CPU
	EndGlobalSection
	GlobalSection(SolutionProperties) = preSolution
		HideSolutionNode = FALSE
	EndGlobalSection
	GlobalSection(NestedProjects) = preSolution
		{3DF0932E-182F-41BE-8CC1-C0363520E7FF} = {E040FF78-13D0-494D-88A7-753FE4B7C4B7}
		{E1834302-4B28-4845-8D03-9C78A00D63E7} = {E040FF78-13D0-494D-88A7-753FE4B7C4B7}
		{4226338C-261B-4C09-89EA-258E2F96E4E6} = {E040FF78-13D0-494D-88A7-753FE4B7C4B7}
		{77F7ABC5-55BB-48C0-B589-402F0A8C35E1} = {E040FF78-13D0-494D-88A7-753FE4B7C4B7}
		{45C9F90E-6D1E-4967-B323-3FF4508D317E} = {E040FF78-13D0-494D-88A7-753FE4B7C4B7}
		{8FC5F8EF-74AC-4388-B06C-F16F4F32B0AF} = {171AD673-8BEC-409D-A6B7-C08EAB24E4A9}
	EndGlobalSection
	GlobalSection(ExtensibilityGlobals) = postSolution
		SolutionGuid = {FADE9D21-201E-432C-ABCE-09F1F0A6D9D0}
	EndGlobalSection
EndGlobal
