
Microsoft Visual Studio Solution File, Format Version 12.00
# Visual Studio Version 17
VisualStudioVersion = 17.3.32825.248
MinimumVisualStudioVersion = 10.0.40219.1
Project("{2150E333-8FDC-42A3-9474-1A3956D46DE8}") = "lib", "lib", "{E040FF78-13D0-494D-88A7-753FE4B7C4B7}"
EndProject
Project("{9A19103F-16F7-4668-BE54-9A1E7A4F7556}") = "BlueJay.Component.System", "lib\BlueJay.Component.System\BlueJay.Component.System.csproj", "{3DF0932E-182F-41BE-8CC1-C0363520E7FF}"
EndProject
Project("{9A19103F-16F7-4668-BE54-9A1E7A4F7556}") = "BlueJay.Core", "lib\BlueJay.Core\BlueJay.Core.csproj", "{E1834302-4B28-4845-8D03-9C78A00D63E7}"
EndProject
Project("{9A19103F-16F7-4668-BE54-9A1E7A4F7556}") = "BlueJay.Events", "lib\BlueJay.Events\BlueJay.Events.csproj", "{4226338C-261B-4C09-89EA-258E2F96E4E6}"
EndProject
Project("{9A19103F-16F7-4668-BE54-9A1E7A4F7556}") = "BlueJay", "lib\BlueJay\BlueJay.csproj", "{77F7ABC5-55BB-48C0-B589-402F0A8C35E1}"
EndProject
Project("{9A19103F-16F7-4668-BE54-9A1E7A4F7556}") = "BlueJay.UI", "lib\BlueJay.UI\BlueJay.UI.csproj", "{45C9F90E-6D1E-4967-B323-3FF4508D317E}"
EndProject
Project("{2150E333-8FDC-42A3-9474-1A3956D46DE8}") = "tests", "tests", "{171AD673-8BEC-409D-A6B7-C08EAB24E4A9}"
EndProject
Project("{9A19103F-16F7-4668-BE54-9A1E7A4F7556}") = "BlueJay.Core.Test", "tests\BlueJay.Core.Test\BlueJay.Core.Test.csproj", "{8FC5F8EF-74AC-4388-B06C-F16F4F32B0AF}"
EndProject
Project("{9A19103F-16F7-4668-BE54-9A1E7A4F7556}") = "BlueJay.Common", "lib\BlueJay.Common\BlueJay.Common.csproj", "{3F2351D3-B640-4147-A6B5-DC3C6C1E7D49}"
EndProject
Project("{9A19103F-16F7-4668-BE54-9A1E7A4F7556}") = "BlueJay.UI.Component", "lib\BlueJay.UI.Component\BlueJay.UI.Component.csproj", "{22B69FD5-C6A7-4F54-9619-D23E177396EE}"
EndProject
Project("{D954291E-2A0B-460D-934E-DC6B0785DB48}") = "BlueJay.Shared", "BlueJay.Shared\BlueJay.Shared.shproj", "{1E5842B0-1A33-4ECB-8E95-26331B727B18}"
EndProject
Project("{9A19103F-16F7-4668-BE54-9A1E7A4F7556}") = "BlueJay.UI.Component.Test", "tests\BlueJay.UI.Component.Test\BlueJay.UI.Component.Test.csproj", "{1430A22E-1718-4DD3-8C89-DA435D399D72}"
EndProject
Project("{9A19103F-16F7-4668-BE54-9A1E7A4F7556}") = "BlueJay.App", "BlueJay.App\BlueJay.App.csproj", "{357524C2-C190-48F8-8BF9-F21FA4609AD5}"
EndProject
Project("{9A19103F-16F7-4668-BE54-9A1E7A4F7556}") = "BlueJay.App.Performance", "BlueJay.App.Performance\BlueJay.App.Performance.csproj", "{40D461A6-95CA-4B74-911E-094D26808956}"
EndProject
Project("{9A19103F-16F7-4668-BE54-9A1E7A4F7556}") = "BlueJay.Moq", "lib\BlueJay.Moq\BlueJay.Moq.csproj", "{0EE5DDF2-A7BB-4813-84CA-08C0A253C968}"
EndProject
Project("{9A19103F-16F7-4668-BE54-9A1E7A4F7556}") = "BlueJay.Component.System.Test", "tests\BlueJay.Component.System.Test\BlueJay.Component.System.Test.csproj", "{C4EA1818-A8DD-47E1-A79E-4D7F5B793ECC}"
EndProject
Project("{9A19103F-16F7-4668-BE54-9A1E7A4F7556}") = "BlueJay.Events.Test", "tests\BlueJay.Events.Test\BlueJay.Events.Test.csproj", "{80CD3EAE-3655-451D-8E46-C2C655DC157A}"
EndProject
Project("{FAE04EC0-301F-11D3-BF4B-00C04F79EFBC}") = "BlueJay.LDtk", "lib\BlueJay.LDtk\BlueJay.LDtk.csproj", "{3CBE5A90-6BA2-4BAA-97A9-D84FEE3C77F1}"
EndProject
Global
	GlobalSection(SolutionConfigurationPlatforms) = preSolution
		Ad-Hoc|Any CPU = Ad-Hoc|Any CPU
		Ad-Hoc|iPhone = Ad-Hoc|iPhone
		Ad-Hoc|iPhoneSimulator = Ad-Hoc|iPhoneSimulator
		AppStore|Any CPU = AppStore|Any CPU
		AppStore|iPhone = AppStore|iPhone
		AppStore|iPhoneSimulator = AppStore|iPhoneSimulator
		Debug|Any CPU = Debug|Any CPU
		Debug|iPhone = Debug|iPhone
		Debug|iPhoneSimulator = Debug|iPhoneSimulator
		Release|Any CPU = Release|Any CPU
		Release|iPhone = Release|iPhone
		Release|iPhoneSimulator = Release|iPhoneSimulator
	EndGlobalSection
	GlobalSection(ProjectConfigurationPlatforms) = postSolution
		{3DF0932E-182F-41BE-8CC1-C0363520E7FF}.Ad-Hoc|Any CPU.ActiveCfg = Debug|Any CPU
		{3DF0932E-182F-41BE-8CC1-C0363520E7FF}.Ad-Hoc|Any CPU.Build.0 = Debug|Any CPU
		{3DF0932E-182F-41BE-8CC1-C0363520E7FF}.Ad-Hoc|iPhone.ActiveCfg = Debug|Any CPU
		{3DF0932E-182F-41BE-8CC1-C0363520E7FF}.Ad-Hoc|iPhone.Build.0 = Debug|Any CPU
		{3DF0932E-182F-41BE-8CC1-C0363520E7FF}.Ad-Hoc|iPhoneSimulator.ActiveCfg = Debug|Any CPU
		{3DF0932E-182F-41BE-8CC1-C0363520E7FF}.Ad-Hoc|iPhoneSimulator.Build.0 = Debug|Any CPU
		{3DF0932E-182F-41BE-8CC1-C0363520E7FF}.AppStore|Any CPU.ActiveCfg = Debug|Any CPU
		{3DF0932E-182F-41BE-8CC1-C0363520E7FF}.AppStore|Any CPU.Build.0 = Debug|Any CPU
		{3DF0932E-182F-41BE-8CC1-C0363520E7FF}.AppStore|iPhone.ActiveCfg = Debug|Any CPU
		{3DF0932E-182F-41BE-8CC1-C0363520E7FF}.AppStore|iPhone.Build.0 = Debug|Any CPU
		{3DF0932E-182F-41BE-8CC1-C0363520E7FF}.AppStore|iPhoneSimulator.ActiveCfg = Debug|Any CPU
		{3DF0932E-182F-41BE-8CC1-C0363520E7FF}.AppStore|iPhoneSimulator.Build.0 = Debug|Any CPU
		{3DF0932E-182F-41BE-8CC1-C0363520E7FF}.Debug|Any CPU.ActiveCfg = Debug|Any CPU
		{3DF0932E-182F-41BE-8CC1-C0363520E7FF}.Debug|Any CPU.Build.0 = Debug|Any CPU
		{3DF0932E-182F-41BE-8CC1-C0363520E7FF}.Debug|iPhone.ActiveCfg = Debug|Any CPU
		{3DF0932E-182F-41BE-8CC1-C0363520E7FF}.Debug|iPhone.Build.0 = Debug|Any CPU
		{3DF0932E-182F-41BE-8CC1-C0363520E7FF}.Debug|iPhoneSimulator.ActiveCfg = Debug|Any CPU
		{3DF0932E-182F-41BE-8CC1-C0363520E7FF}.Debug|iPhoneSimulator.Build.0 = Debug|Any CPU
		{3DF0932E-182F-41BE-8CC1-C0363520E7FF}.Release|Any CPU.ActiveCfg = Release|Any CPU
		{3DF0932E-182F-41BE-8CC1-C0363520E7FF}.Release|Any CPU.Build.0 = Release|Any CPU
		{3DF0932E-182F-41BE-8CC1-C0363520E7FF}.Release|iPhone.ActiveCfg = Release|Any CPU
		{3DF0932E-182F-41BE-8CC1-C0363520E7FF}.Release|iPhone.Build.0 = Release|Any CPU
		{3DF0932E-182F-41BE-8CC1-C0363520E7FF}.Release|iPhoneSimulator.ActiveCfg = Release|Any CPU
		{3DF0932E-182F-41BE-8CC1-C0363520E7FF}.Release|iPhoneSimulator.Build.0 = Release|Any CPU
		{E1834302-4B28-4845-8D03-9C78A00D63E7}.Ad-Hoc|Any CPU.ActiveCfg = Debug|Any CPU
		{E1834302-4B28-4845-8D03-9C78A00D63E7}.Ad-Hoc|Any CPU.Build.0 = Debug|Any CPU
		{E1834302-4B28-4845-8D03-9C78A00D63E7}.Ad-Hoc|iPhone.ActiveCfg = Debug|Any CPU
		{E1834302-4B28-4845-8D03-9C78A00D63E7}.Ad-Hoc|iPhone.Build.0 = Debug|Any CPU
		{E1834302-4B28-4845-8D03-9C78A00D63E7}.Ad-Hoc|iPhoneSimulator.ActiveCfg = Debug|Any CPU
		{E1834302-4B28-4845-8D03-9C78A00D63E7}.Ad-Hoc|iPhoneSimulator.Build.0 = Debug|Any CPU
		{E1834302-4B28-4845-8D03-9C78A00D63E7}.AppStore|Any CPU.ActiveCfg = Debug|Any CPU
		{E1834302-4B28-4845-8D03-9C78A00D63E7}.AppStore|Any CPU.Build.0 = Debug|Any CPU
		{E1834302-4B28-4845-8D03-9C78A00D63E7}.AppStore|iPhone.ActiveCfg = Debug|Any CPU
		{E1834302-4B28-4845-8D03-9C78A00D63E7}.AppStore|iPhone.Build.0 = Debug|Any CPU
		{E1834302-4B28-4845-8D03-9C78A00D63E7}.AppStore|iPhoneSimulator.ActiveCfg = Debug|Any CPU
		{E1834302-4B28-4845-8D03-9C78A00D63E7}.AppStore|iPhoneSimulator.Build.0 = Debug|Any CPU
		{E1834302-4B28-4845-8D03-9C78A00D63E7}.Debug|Any CPU.ActiveCfg = Debug|Any CPU
		{E1834302-4B28-4845-8D03-9C78A00D63E7}.Debug|Any CPU.Build.0 = Debug|Any CPU
		{E1834302-4B28-4845-8D03-9C78A00D63E7}.Debug|iPhone.ActiveCfg = Debug|Any CPU
		{E1834302-4B28-4845-8D03-9C78A00D63E7}.Debug|iPhone.Build.0 = Debug|Any CPU
		{E1834302-4B28-4845-8D03-9C78A00D63E7}.Debug|iPhoneSimulator.ActiveCfg = Debug|Any CPU
		{E1834302-4B28-4845-8D03-9C78A00D63E7}.Debug|iPhoneSimulator.Build.0 = Debug|Any CPU
		{E1834302-4B28-4845-8D03-9C78A00D63E7}.Release|Any CPU.ActiveCfg = Release|Any CPU
		{E1834302-4B28-4845-8D03-9C78A00D63E7}.Release|Any CPU.Build.0 = Release|Any CPU
		{E1834302-4B28-4845-8D03-9C78A00D63E7}.Release|iPhone.ActiveCfg = Release|Any CPU
		{E1834302-4B28-4845-8D03-9C78A00D63E7}.Release|iPhone.Build.0 = Release|Any CPU
		{E1834302-4B28-4845-8D03-9C78A00D63E7}.Release|iPhoneSimulator.ActiveCfg = Release|Any CPU
		{E1834302-4B28-4845-8D03-9C78A00D63E7}.Release|iPhoneSimulator.Build.0 = Release|Any CPU
		{4226338C-261B-4C09-89EA-258E2F96E4E6}.Ad-Hoc|Any CPU.ActiveCfg = Debug|Any CPU
		{4226338C-261B-4C09-89EA-258E2F96E4E6}.Ad-Hoc|Any CPU.Build.0 = Debug|Any CPU
		{4226338C-261B-4C09-89EA-258E2F96E4E6}.Ad-Hoc|iPhone.ActiveCfg = Debug|Any CPU
		{4226338C-261B-4C09-89EA-258E2F96E4E6}.Ad-Hoc|iPhone.Build.0 = Debug|Any CPU
		{4226338C-261B-4C09-89EA-258E2F96E4E6}.Ad-Hoc|iPhoneSimulator.ActiveCfg = Debug|Any CPU
		{4226338C-261B-4C09-89EA-258E2F96E4E6}.Ad-Hoc|iPhoneSimulator.Build.0 = Debug|Any CPU
		{4226338C-261B-4C09-89EA-258E2F96E4E6}.AppStore|Any CPU.ActiveCfg = Debug|Any CPU
		{4226338C-261B-4C09-89EA-258E2F96E4E6}.AppStore|Any CPU.Build.0 = Debug|Any CPU
		{4226338C-261B-4C09-89EA-258E2F96E4E6}.AppStore|iPhone.ActiveCfg = Debug|Any CPU
		{4226338C-261B-4C09-89EA-258E2F96E4E6}.AppStore|iPhone.Build.0 = Debug|Any CPU
		{4226338C-261B-4C09-89EA-258E2F96E4E6}.AppStore|iPhoneSimulator.ActiveCfg = Debug|Any CPU
		{4226338C-261B-4C09-89EA-258E2F96E4E6}.AppStore|iPhoneSimulator.Build.0 = Debug|Any CPU
		{4226338C-261B-4C09-89EA-258E2F96E4E6}.Debug|Any CPU.ActiveCfg = Debug|Any CPU
		{4226338C-261B-4C09-89EA-258E2F96E4E6}.Debug|Any CPU.Build.0 = Debug|Any CPU
		{4226338C-261B-4C09-89EA-258E2F96E4E6}.Debug|iPhone.ActiveCfg = Debug|Any CPU
		{4226338C-261B-4C09-89EA-258E2F96E4E6}.Debug|iPhone.Build.0 = Debug|Any CPU
		{4226338C-261B-4C09-89EA-258E2F96E4E6}.Debug|iPhoneSimulator.ActiveCfg = Debug|Any CPU
		{4226338C-261B-4C09-89EA-258E2F96E4E6}.Debug|iPhoneSimulator.Build.0 = Debug|Any CPU
		{4226338C-261B-4C09-89EA-258E2F96E4E6}.Release|Any CPU.ActiveCfg = Release|Any CPU
		{4226338C-261B-4C09-89EA-258E2F96E4E6}.Release|Any CPU.Build.0 = Release|Any CPU
		{4226338C-261B-4C09-89EA-258E2F96E4E6}.Release|iPhone.ActiveCfg = Release|Any CPU
		{4226338C-261B-4C09-89EA-258E2F96E4E6}.Release|iPhone.Build.0 = Release|Any CPU
		{4226338C-261B-4C09-89EA-258E2F96E4E6}.Release|iPhoneSimulator.ActiveCfg = Release|Any CPU
		{4226338C-261B-4C09-89EA-258E2F96E4E6}.Release|iPhoneSimulator.Build.0 = Release|Any CPU
		{77F7ABC5-55BB-48C0-B589-402F0A8C35E1}.Ad-Hoc|Any CPU.ActiveCfg = Debug|Any CPU
		{77F7ABC5-55BB-48C0-B589-402F0A8C35E1}.Ad-Hoc|Any CPU.Build.0 = Debug|Any CPU
		{77F7ABC5-55BB-48C0-B589-402F0A8C35E1}.Ad-Hoc|iPhone.ActiveCfg = Debug|Any CPU
		{77F7ABC5-55BB-48C0-B589-402F0A8C35E1}.Ad-Hoc|iPhone.Build.0 = Debug|Any CPU
		{77F7ABC5-55BB-48C0-B589-402F0A8C35E1}.Ad-Hoc|iPhoneSimulator.ActiveCfg = Debug|Any CPU
		{77F7ABC5-55BB-48C0-B589-402F0A8C35E1}.Ad-Hoc|iPhoneSimulator.Build.0 = Debug|Any CPU
		{77F7ABC5-55BB-48C0-B589-402F0A8C35E1}.AppStore|Any CPU.ActiveCfg = Debug|Any CPU
		{77F7ABC5-55BB-48C0-B589-402F0A8C35E1}.AppStore|Any CPU.Build.0 = Debug|Any CPU
		{77F7ABC5-55BB-48C0-B589-402F0A8C35E1}.AppStore|iPhone.ActiveCfg = Debug|Any CPU
		{77F7ABC5-55BB-48C0-B589-402F0A8C35E1}.AppStore|iPhone.Build.0 = Debug|Any CPU
		{77F7ABC5-55BB-48C0-B589-402F0A8C35E1}.AppStore|iPhoneSimulator.ActiveCfg = Debug|Any CPU
		{77F7ABC5-55BB-48C0-B589-402F0A8C35E1}.AppStore|iPhoneSimulator.Build.0 = Debug|Any CPU
		{77F7ABC5-55BB-48C0-B589-402F0A8C35E1}.Debug|Any CPU.ActiveCfg = Debug|Any CPU
		{77F7ABC5-55BB-48C0-B589-402F0A8C35E1}.Debug|Any CPU.Build.0 = Debug|Any CPU
		{77F7ABC5-55BB-48C0-B589-402F0A8C35E1}.Debug|iPhone.ActiveCfg = Debug|Any CPU
		{77F7ABC5-55BB-48C0-B589-402F0A8C35E1}.Debug|iPhone.Build.0 = Debug|Any CPU
		{77F7ABC5-55BB-48C0-B589-402F0A8C35E1}.Debug|iPhoneSimulator.ActiveCfg = Debug|Any CPU
		{77F7ABC5-55BB-48C0-B589-402F0A8C35E1}.Debug|iPhoneSimulator.Build.0 = Debug|Any CPU
		{77F7ABC5-55BB-48C0-B589-402F0A8C35E1}.Release|Any CPU.ActiveCfg = Release|Any CPU
		{77F7ABC5-55BB-48C0-B589-402F0A8C35E1}.Release|Any CPU.Build.0 = Release|Any CPU
		{77F7ABC5-55BB-48C0-B589-402F0A8C35E1}.Release|iPhone.ActiveCfg = Release|Any CPU
		{77F7ABC5-55BB-48C0-B589-402F0A8C35E1}.Release|iPhone.Build.0 = Release|Any CPU
		{77F7ABC5-55BB-48C0-B589-402F0A8C35E1}.Release|iPhoneSimulator.ActiveCfg = Release|Any CPU
		{77F7ABC5-55BB-48C0-B589-402F0A8C35E1}.Release|iPhoneSimulator.Build.0 = Release|Any CPU
		{45C9F90E-6D1E-4967-B323-3FF4508D317E}.Ad-Hoc|Any CPU.ActiveCfg = Debug|Any CPU
		{45C9F90E-6D1E-4967-B323-3FF4508D317E}.Ad-Hoc|Any CPU.Build.0 = Debug|Any CPU
		{45C9F90E-6D1E-4967-B323-3FF4508D317E}.Ad-Hoc|iPhone.ActiveCfg = Debug|Any CPU
		{45C9F90E-6D1E-4967-B323-3FF4508D317E}.Ad-Hoc|iPhone.Build.0 = Debug|Any CPU
		{45C9F90E-6D1E-4967-B323-3FF4508D317E}.Ad-Hoc|iPhoneSimulator.ActiveCfg = Debug|Any CPU
		{45C9F90E-6D1E-4967-B323-3FF4508D317E}.Ad-Hoc|iPhoneSimulator.Build.0 = Debug|Any CPU
		{45C9F90E-6D1E-4967-B323-3FF4508D317E}.AppStore|Any CPU.ActiveCfg = Debug|Any CPU
		{45C9F90E-6D1E-4967-B323-3FF4508D317E}.AppStore|Any CPU.Build.0 = Debug|Any CPU
		{45C9F90E-6D1E-4967-B323-3FF4508D317E}.AppStore|iPhone.ActiveCfg = Debug|Any CPU
		{45C9F90E-6D1E-4967-B323-3FF4508D317E}.AppStore|iPhone.Build.0 = Debug|Any CPU
		{45C9F90E-6D1E-4967-B323-3FF4508D317E}.AppStore|iPhoneSimulator.ActiveCfg = Debug|Any CPU
		{45C9F90E-6D1E-4967-B323-3FF4508D317E}.AppStore|iPhoneSimulator.Build.0 = Debug|Any CPU
		{45C9F90E-6D1E-4967-B323-3FF4508D317E}.Debug|Any CPU.ActiveCfg = Debug|Any CPU
		{45C9F90E-6D1E-4967-B323-3FF4508D317E}.Debug|Any CPU.Build.0 = Debug|Any CPU
		{45C9F90E-6D1E-4967-B323-3FF4508D317E}.Debug|iPhone.ActiveCfg = Debug|Any CPU
		{45C9F90E-6D1E-4967-B323-3FF4508D317E}.Debug|iPhone.Build.0 = Debug|Any CPU
		{45C9F90E-6D1E-4967-B323-3FF4508D317E}.Debug|iPhoneSimulator.ActiveCfg = Debug|Any CPU
		{45C9F90E-6D1E-4967-B323-3FF4508D317E}.Debug|iPhoneSimulator.Build.0 = Debug|Any CPU
		{45C9F90E-6D1E-4967-B323-3FF4508D317E}.Release|Any CPU.ActiveCfg = Release|Any CPU
		{45C9F90E-6D1E-4967-B323-3FF4508D317E}.Release|Any CPU.Build.0 = Release|Any CPU
		{45C9F90E-6D1E-4967-B323-3FF4508D317E}.Release|iPhone.ActiveCfg = Release|Any CPU
		{45C9F90E-6D1E-4967-B323-3FF4508D317E}.Release|iPhone.Build.0 = Release|Any CPU
		{45C9F90E-6D1E-4967-B323-3FF4508D317E}.Release|iPhoneSimulator.ActiveCfg = Release|Any CPU
		{45C9F90E-6D1E-4967-B323-3FF4508D317E}.Release|iPhoneSimulator.Build.0 = Release|Any CPU
		{8FC5F8EF-74AC-4388-B06C-F16F4F32B0AF}.Ad-Hoc|Any CPU.ActiveCfg = Debug|Any CPU
		{8FC5F8EF-74AC-4388-B06C-F16F4F32B0AF}.Ad-Hoc|Any CPU.Build.0 = Debug|Any CPU
		{8FC5F8EF-74AC-4388-B06C-F16F4F32B0AF}.Ad-Hoc|iPhone.ActiveCfg = Debug|Any CPU
		{8FC5F8EF-74AC-4388-B06C-F16F4F32B0AF}.Ad-Hoc|iPhone.Build.0 = Debug|Any CPU
		{8FC5F8EF-74AC-4388-B06C-F16F4F32B0AF}.Ad-Hoc|iPhoneSimulator.ActiveCfg = Debug|Any CPU
		{8FC5F8EF-74AC-4388-B06C-F16F4F32B0AF}.Ad-Hoc|iPhoneSimulator.Build.0 = Debug|Any CPU
		{8FC5F8EF-74AC-4388-B06C-F16F4F32B0AF}.AppStore|Any CPU.ActiveCfg = Debug|Any CPU
		{8FC5F8EF-74AC-4388-B06C-F16F4F32B0AF}.AppStore|Any CPU.Build.0 = Debug|Any CPU
		{8FC5F8EF-74AC-4388-B06C-F16F4F32B0AF}.AppStore|iPhone.ActiveCfg = Debug|Any CPU
		{8FC5F8EF-74AC-4388-B06C-F16F4F32B0AF}.AppStore|iPhone.Build.0 = Debug|Any CPU
		{8FC5F8EF-74AC-4388-B06C-F16F4F32B0AF}.AppStore|iPhoneSimulator.ActiveCfg = Debug|Any CPU
		{8FC5F8EF-74AC-4388-B06C-F16F4F32B0AF}.AppStore|iPhoneSimulator.Build.0 = Debug|Any CPU
		{8FC5F8EF-74AC-4388-B06C-F16F4F32B0AF}.Debug|Any CPU.ActiveCfg = Debug|Any CPU
		{8FC5F8EF-74AC-4388-B06C-F16F4F32B0AF}.Debug|Any CPU.Build.0 = Debug|Any CPU
		{8FC5F8EF-74AC-4388-B06C-F16F4F32B0AF}.Debug|iPhone.ActiveCfg = Debug|Any CPU
		{8FC5F8EF-74AC-4388-B06C-F16F4F32B0AF}.Debug|iPhone.Build.0 = Debug|Any CPU
		{8FC5F8EF-74AC-4388-B06C-F16F4F32B0AF}.Debug|iPhoneSimulator.ActiveCfg = Debug|Any CPU
		{8FC5F8EF-74AC-4388-B06C-F16F4F32B0AF}.Debug|iPhoneSimulator.Build.0 = Debug|Any CPU
		{8FC5F8EF-74AC-4388-B06C-F16F4F32B0AF}.Release|Any CPU.ActiveCfg = Release|Any CPU
		{8FC5F8EF-74AC-4388-B06C-F16F4F32B0AF}.Release|Any CPU.Build.0 = Release|Any CPU
		{8FC5F8EF-74AC-4388-B06C-F16F4F32B0AF}.Release|iPhone.ActiveCfg = Release|Any CPU
		{8FC5F8EF-74AC-4388-B06C-F16F4F32B0AF}.Release|iPhone.Build.0 = Release|Any CPU
		{8FC5F8EF-74AC-4388-B06C-F16F4F32B0AF}.Release|iPhoneSimulator.ActiveCfg = Release|Any CPU
		{8FC5F8EF-74AC-4388-B06C-F16F4F32B0AF}.Release|iPhoneSimulator.Build.0 = Release|Any CPU
		{3F2351D3-B640-4147-A6B5-DC3C6C1E7D49}.Ad-Hoc|Any CPU.ActiveCfg = Debug|Any CPU
		{3F2351D3-B640-4147-A6B5-DC3C6C1E7D49}.Ad-Hoc|Any CPU.Build.0 = Debug|Any CPU
		{3F2351D3-B640-4147-A6B5-DC3C6C1E7D49}.Ad-Hoc|iPhone.ActiveCfg = Debug|Any CPU
		{3F2351D3-B640-4147-A6B5-DC3C6C1E7D49}.Ad-Hoc|iPhone.Build.0 = Debug|Any CPU
		{3F2351D3-B640-4147-A6B5-DC3C6C1E7D49}.Ad-Hoc|iPhoneSimulator.ActiveCfg = Debug|Any CPU
		{3F2351D3-B640-4147-A6B5-DC3C6C1E7D49}.Ad-Hoc|iPhoneSimulator.Build.0 = Debug|Any CPU
		{3F2351D3-B640-4147-A6B5-DC3C6C1E7D49}.AppStore|Any CPU.ActiveCfg = Debug|Any CPU
		{3F2351D3-B640-4147-A6B5-DC3C6C1E7D49}.AppStore|Any CPU.Build.0 = Debug|Any CPU
		{3F2351D3-B640-4147-A6B5-DC3C6C1E7D49}.AppStore|iPhone.ActiveCfg = Debug|Any CPU
		{3F2351D3-B640-4147-A6B5-DC3C6C1E7D49}.AppStore|iPhone.Build.0 = Debug|Any CPU
		{3F2351D3-B640-4147-A6B5-DC3C6C1E7D49}.AppStore|iPhoneSimulator.ActiveCfg = Debug|Any CPU
		{3F2351D3-B640-4147-A6B5-DC3C6C1E7D49}.AppStore|iPhoneSimulator.Build.0 = Debug|Any CPU
		{3F2351D3-B640-4147-A6B5-DC3C6C1E7D49}.Debug|Any CPU.ActiveCfg = Debug|Any CPU
		{3F2351D3-B640-4147-A6B5-DC3C6C1E7D49}.Debug|Any CPU.Build.0 = Debug|Any CPU
		{3F2351D3-B640-4147-A6B5-DC3C6C1E7D49}.Debug|iPhone.ActiveCfg = Debug|Any CPU
		{3F2351D3-B640-4147-A6B5-DC3C6C1E7D49}.Debug|iPhone.Build.0 = Debug|Any CPU
		{3F2351D3-B640-4147-A6B5-DC3C6C1E7D49}.Debug|iPhoneSimulator.ActiveCfg = Debug|Any CPU
		{3F2351D3-B640-4147-A6B5-DC3C6C1E7D49}.Debug|iPhoneSimulator.Build.0 = Debug|Any CPU
		{3F2351D3-B640-4147-A6B5-DC3C6C1E7D49}.Release|Any CPU.ActiveCfg = Release|Any CPU
		{3F2351D3-B640-4147-A6B5-DC3C6C1E7D49}.Release|Any CPU.Build.0 = Release|Any CPU
		{3F2351D3-B640-4147-A6B5-DC3C6C1E7D49}.Release|iPhone.ActiveCfg = Release|Any CPU
		{3F2351D3-B640-4147-A6B5-DC3C6C1E7D49}.Release|iPhone.Build.0 = Release|Any CPU
		{3F2351D3-B640-4147-A6B5-DC3C6C1E7D49}.Release|iPhoneSimulator.ActiveCfg = Release|Any CPU
		{3F2351D3-B640-4147-A6B5-DC3C6C1E7D49}.Release|iPhoneSimulator.Build.0 = Release|Any CPU
		{22B69FD5-C6A7-4F54-9619-D23E177396EE}.Ad-Hoc|Any CPU.ActiveCfg = Debug|Any CPU
		{22B69FD5-C6A7-4F54-9619-D23E177396EE}.Ad-Hoc|Any CPU.Build.0 = Debug|Any CPU
		{22B69FD5-C6A7-4F54-9619-D23E177396EE}.Ad-Hoc|iPhone.ActiveCfg = Debug|Any CPU
		{22B69FD5-C6A7-4F54-9619-D23E177396EE}.Ad-Hoc|iPhone.Build.0 = Debug|Any CPU
		{22B69FD5-C6A7-4F54-9619-D23E177396EE}.Ad-Hoc|iPhoneSimulator.ActiveCfg = Debug|Any CPU
		{22B69FD5-C6A7-4F54-9619-D23E177396EE}.Ad-Hoc|iPhoneSimulator.Build.0 = Debug|Any CPU
		{22B69FD5-C6A7-4F54-9619-D23E177396EE}.AppStore|Any CPU.ActiveCfg = Debug|Any CPU
		{22B69FD5-C6A7-4F54-9619-D23E177396EE}.AppStore|Any CPU.Build.0 = Debug|Any CPU
		{22B69FD5-C6A7-4F54-9619-D23E177396EE}.AppStore|iPhone.ActiveCfg = Debug|Any CPU
		{22B69FD5-C6A7-4F54-9619-D23E177396EE}.AppStore|iPhone.Build.0 = Debug|Any CPU
		{22B69FD5-C6A7-4F54-9619-D23E177396EE}.AppStore|iPhoneSimulator.ActiveCfg = Debug|Any CPU
		{22B69FD5-C6A7-4F54-9619-D23E177396EE}.AppStore|iPhoneSimulator.Build.0 = Debug|Any CPU
		{22B69FD5-C6A7-4F54-9619-D23E177396EE}.Debug|Any CPU.ActiveCfg = Debug|Any CPU
		{22B69FD5-C6A7-4F54-9619-D23E177396EE}.Debug|Any CPU.Build.0 = Debug|Any CPU
		{22B69FD5-C6A7-4F54-9619-D23E177396EE}.Debug|iPhone.ActiveCfg = Debug|Any CPU
		{22B69FD5-C6A7-4F54-9619-D23E177396EE}.Debug|iPhone.Build.0 = Debug|Any CPU
		{22B69FD5-C6A7-4F54-9619-D23E177396EE}.Debug|iPhoneSimulator.ActiveCfg = Debug|Any CPU
		{22B69FD5-C6A7-4F54-9619-D23E177396EE}.Debug|iPhoneSimulator.Build.0 = Debug|Any CPU
		{22B69FD5-C6A7-4F54-9619-D23E177396EE}.Release|Any CPU.ActiveCfg = Release|Any CPU
		{22B69FD5-C6A7-4F54-9619-D23E177396EE}.Release|Any CPU.Build.0 = Release|Any CPU
		{22B69FD5-C6A7-4F54-9619-D23E177396EE}.Release|iPhone.ActiveCfg = Release|Any CPU
		{22B69FD5-C6A7-4F54-9619-D23E177396EE}.Release|iPhone.Build.0 = Release|Any CPU
		{22B69FD5-C6A7-4F54-9619-D23E177396EE}.Release|iPhoneSimulator.ActiveCfg = Release|Any CPU
		{22B69FD5-C6A7-4F54-9619-D23E177396EE}.Release|iPhoneSimulator.Build.0 = Release|Any CPU
		{1430A22E-1718-4DD3-8C89-DA435D399D72}.Ad-Hoc|Any CPU.ActiveCfg = Debug|Any CPU
		{1430A22E-1718-4DD3-8C89-DA435D399D72}.Ad-Hoc|Any CPU.Build.0 = Debug|Any CPU
		{1430A22E-1718-4DD3-8C89-DA435D399D72}.Ad-Hoc|iPhone.ActiveCfg = Debug|Any CPU
		{1430A22E-1718-4DD3-8C89-DA435D399D72}.Ad-Hoc|iPhone.Build.0 = Debug|Any CPU
		{1430A22E-1718-4DD3-8C89-DA435D399D72}.Ad-Hoc|iPhoneSimulator.ActiveCfg = Debug|Any CPU
		{1430A22E-1718-4DD3-8C89-DA435D399D72}.Ad-Hoc|iPhoneSimulator.Build.0 = Debug|Any CPU
		{1430A22E-1718-4DD3-8C89-DA435D399D72}.AppStore|Any CPU.ActiveCfg = Debug|Any CPU
		{1430A22E-1718-4DD3-8C89-DA435D399D72}.AppStore|Any CPU.Build.0 = Debug|Any CPU
		{1430A22E-1718-4DD3-8C89-DA435D399D72}.AppStore|iPhone.ActiveCfg = Debug|Any CPU
		{1430A22E-1718-4DD3-8C89-DA435D399D72}.AppStore|iPhone.Build.0 = Debug|Any CPU
		{1430A22E-1718-4DD3-8C89-DA435D399D72}.AppStore|iPhoneSimulator.ActiveCfg = Debug|Any CPU
		{1430A22E-1718-4DD3-8C89-DA435D399D72}.AppStore|iPhoneSimulator.Build.0 = Debug|Any CPU
		{1430A22E-1718-4DD3-8C89-DA435D399D72}.Debug|Any CPU.ActiveCfg = Debug|Any CPU
		{1430A22E-1718-4DD3-8C89-DA435D399D72}.Debug|Any CPU.Build.0 = Debug|Any CPU
		{1430A22E-1718-4DD3-8C89-DA435D399D72}.Debug|iPhone.ActiveCfg = Debug|Any CPU
		{1430A22E-1718-4DD3-8C89-DA435D399D72}.Debug|iPhone.Build.0 = Debug|Any CPU
		{1430A22E-1718-4DD3-8C89-DA435D399D72}.Debug|iPhoneSimulator.ActiveCfg = Debug|Any CPU
		{1430A22E-1718-4DD3-8C89-DA435D399D72}.Debug|iPhoneSimulator.Build.0 = Debug|Any CPU
		{1430A22E-1718-4DD3-8C89-DA435D399D72}.Release|Any CPU.ActiveCfg = Release|Any CPU
		{1430A22E-1718-4DD3-8C89-DA435D399D72}.Release|Any CPU.Build.0 = Release|Any CPU
		{1430A22E-1718-4DD3-8C89-DA435D399D72}.Release|iPhone.ActiveCfg = Release|Any CPU
		{1430A22E-1718-4DD3-8C89-DA435D399D72}.Release|iPhone.Build.0 = Release|Any CPU
		{1430A22E-1718-4DD3-8C89-DA435D399D72}.Release|iPhoneSimulator.ActiveCfg = Release|Any CPU
		{1430A22E-1718-4DD3-8C89-DA435D399D72}.Release|iPhoneSimulator.Build.0 = Release|Any CPU
		{357524C2-C190-48F8-8BF9-F21FA4609AD5}.Ad-Hoc|Any CPU.ActiveCfg = Debug|Any CPU
		{357524C2-C190-48F8-8BF9-F21FA4609AD5}.Ad-Hoc|Any CPU.Build.0 = Debug|Any CPU
		{357524C2-C190-48F8-8BF9-F21FA4609AD5}.Ad-Hoc|iPhone.ActiveCfg = Debug|Any CPU
		{357524C2-C190-48F8-8BF9-F21FA4609AD5}.Ad-Hoc|iPhone.Build.0 = Debug|Any CPU
		{357524C2-C190-48F8-8BF9-F21FA4609AD5}.Ad-Hoc|iPhoneSimulator.ActiveCfg = Debug|Any CPU
		{357524C2-C190-48F8-8BF9-F21FA4609AD5}.Ad-Hoc|iPhoneSimulator.Build.0 = Debug|Any CPU
		{357524C2-C190-48F8-8BF9-F21FA4609AD5}.AppStore|Any CPU.ActiveCfg = Debug|Any CPU
		{357524C2-C190-48F8-8BF9-F21FA4609AD5}.AppStore|Any CPU.Build.0 = Debug|Any CPU
		{357524C2-C190-48F8-8BF9-F21FA4609AD5}.AppStore|iPhone.ActiveCfg = Debug|Any CPU
		{357524C2-C190-48F8-8BF9-F21FA4609AD5}.AppStore|iPhone.Build.0 = Debug|Any CPU
		{357524C2-C190-48F8-8BF9-F21FA4609AD5}.AppStore|iPhoneSimulator.ActiveCfg = Debug|Any CPU
		{357524C2-C190-48F8-8BF9-F21FA4609AD5}.AppStore|iPhoneSimulator.Build.0 = Debug|Any CPU
		{357524C2-C190-48F8-8BF9-F21FA4609AD5}.Debug|Any CPU.ActiveCfg = Debug|Any CPU
		{357524C2-C190-48F8-8BF9-F21FA4609AD5}.Debug|Any CPU.Build.0 = Debug|Any CPU
		{357524C2-C190-48F8-8BF9-F21FA4609AD5}.Debug|iPhone.ActiveCfg = Debug|Any CPU
		{357524C2-C190-48F8-8BF9-F21FA4609AD5}.Debug|iPhone.Build.0 = Debug|Any CPU
		{357524C2-C190-48F8-8BF9-F21FA4609AD5}.Debug|iPhoneSimulator.ActiveCfg = Debug|Any CPU
		{357524C2-C190-48F8-8BF9-F21FA4609AD5}.Debug|iPhoneSimulator.Build.0 = Debug|Any CPU
		{357524C2-C190-48F8-8BF9-F21FA4609AD5}.Release|Any CPU.ActiveCfg = Release|Any CPU
		{357524C2-C190-48F8-8BF9-F21FA4609AD5}.Release|Any CPU.Build.0 = Release|Any CPU
		{357524C2-C190-48F8-8BF9-F21FA4609AD5}.Release|iPhone.ActiveCfg = Release|Any CPU
		{357524C2-C190-48F8-8BF9-F21FA4609AD5}.Release|iPhone.Build.0 = Release|Any CPU
		{357524C2-C190-48F8-8BF9-F21FA4609AD5}.Release|iPhoneSimulator.ActiveCfg = Release|Any CPU
		{357524C2-C190-48F8-8BF9-F21FA4609AD5}.Release|iPhoneSimulator.Build.0 = Release|Any CPU
		{40D461A6-95CA-4B74-911E-094D26808956}.Ad-Hoc|Any CPU.ActiveCfg = Debug|Any CPU
		{40D461A6-95CA-4B74-911E-094D26808956}.Ad-Hoc|Any CPU.Build.0 = Debug|Any CPU
		{40D461A6-95CA-4B74-911E-094D26808956}.Ad-Hoc|iPhone.ActiveCfg = Debug|Any CPU
		{40D461A6-95CA-4B74-911E-094D26808956}.Ad-Hoc|iPhone.Build.0 = Debug|Any CPU
		{40D461A6-95CA-4B74-911E-094D26808956}.Ad-Hoc|iPhoneSimulator.ActiveCfg = Debug|Any CPU
		{40D461A6-95CA-4B74-911E-094D26808956}.Ad-Hoc|iPhoneSimulator.Build.0 = Debug|Any CPU
		{40D461A6-95CA-4B74-911E-094D26808956}.AppStore|Any CPU.ActiveCfg = Debug|Any CPU
		{40D461A6-95CA-4B74-911E-094D26808956}.AppStore|Any CPU.Build.0 = Debug|Any CPU
		{40D461A6-95CA-4B74-911E-094D26808956}.AppStore|iPhone.ActiveCfg = Debug|Any CPU
		{40D461A6-95CA-4B74-911E-094D26808956}.AppStore|iPhone.Build.0 = Debug|Any CPU
		{40D461A6-95CA-4B74-911E-094D26808956}.AppStore|iPhoneSimulator.ActiveCfg = Debug|Any CPU
		{40D461A6-95CA-4B74-911E-094D26808956}.AppStore|iPhoneSimulator.Build.0 = Debug|Any CPU
		{40D461A6-95CA-4B74-911E-094D26808956}.Debug|Any CPU.ActiveCfg = Debug|Any CPU
		{40D461A6-95CA-4B74-911E-094D26808956}.Debug|Any CPU.Build.0 = Debug|Any CPU
		{40D461A6-95CA-4B74-911E-094D26808956}.Debug|iPhone.ActiveCfg = Debug|Any CPU
		{40D461A6-95CA-4B74-911E-094D26808956}.Debug|iPhone.Build.0 = Debug|Any CPU
		{40D461A6-95CA-4B74-911E-094D26808956}.Debug|iPhoneSimulator.ActiveCfg = Debug|Any CPU
		{40D461A6-95CA-4B74-911E-094D26808956}.Debug|iPhoneSimulator.Build.0 = Debug|Any CPU
		{40D461A6-95CA-4B74-911E-094D26808956}.Release|Any CPU.ActiveCfg = Release|Any CPU
		{40D461A6-95CA-4B74-911E-094D26808956}.Release|Any CPU.Build.0 = Release|Any CPU
		{40D461A6-95CA-4B74-911E-094D26808956}.Release|iPhone.ActiveCfg = Release|Any CPU
		{40D461A6-95CA-4B74-911E-094D26808956}.Release|iPhone.Build.0 = Release|Any CPU
		{40D461A6-95CA-4B74-911E-094D26808956}.Release|iPhoneSimulator.ActiveCfg = Release|Any CPU
		{40D461A6-95CA-4B74-911E-094D26808956}.Release|iPhoneSimulator.Build.0 = Release|Any CPU
		{0EE5DDF2-A7BB-4813-84CA-08C0A253C968}.Ad-Hoc|Any CPU.ActiveCfg = Debug|Any CPU
		{0EE5DDF2-A7BB-4813-84CA-08C0A253C968}.Ad-Hoc|Any CPU.Build.0 = Debug|Any CPU
		{0EE5DDF2-A7BB-4813-84CA-08C0A253C968}.Ad-Hoc|iPhone.ActiveCfg = Debug|Any CPU
		{0EE5DDF2-A7BB-4813-84CA-08C0A253C968}.Ad-Hoc|iPhone.Build.0 = Debug|Any CPU
		{0EE5DDF2-A7BB-4813-84CA-08C0A253C968}.Ad-Hoc|iPhoneSimulator.ActiveCfg = Debug|Any CPU
		{0EE5DDF2-A7BB-4813-84CA-08C0A253C968}.Ad-Hoc|iPhoneSimulator.Build.0 = Debug|Any CPU
		{0EE5DDF2-A7BB-4813-84CA-08C0A253C968}.AppStore|Any CPU.ActiveCfg = Debug|Any CPU
		{0EE5DDF2-A7BB-4813-84CA-08C0A253C968}.AppStore|Any CPU.Build.0 = Debug|Any CPU
		{0EE5DDF2-A7BB-4813-84CA-08C0A253C968}.AppStore|iPhone.ActiveCfg = Debug|Any CPU
		{0EE5DDF2-A7BB-4813-84CA-08C0A253C968}.AppStore|iPhone.Build.0 = Debug|Any CPU
		{0EE5DDF2-A7BB-4813-84CA-08C0A253C968}.AppStore|iPhoneSimulator.ActiveCfg = Debug|Any CPU
		{0EE5DDF2-A7BB-4813-84CA-08C0A253C968}.AppStore|iPhoneSimulator.Build.0 = Debug|Any CPU
		{0EE5DDF2-A7BB-4813-84CA-08C0A253C968}.Debug|Any CPU.ActiveCfg = Debug|Any CPU
		{0EE5DDF2-A7BB-4813-84CA-08C0A253C968}.Debug|Any CPU.Build.0 = Debug|Any CPU
		{0EE5DDF2-A7BB-4813-84CA-08C0A253C968}.Debug|iPhone.ActiveCfg = Debug|Any CPU
		{0EE5DDF2-A7BB-4813-84CA-08C0A253C968}.Debug|iPhone.Build.0 = Debug|Any CPU
		{0EE5DDF2-A7BB-4813-84CA-08C0A253C968}.Debug|iPhoneSimulator.ActiveCfg = Debug|Any CPU
		{0EE5DDF2-A7BB-4813-84CA-08C0A253C968}.Debug|iPhoneSimulator.Build.0 = Debug|Any CPU
		{0EE5DDF2-A7BB-4813-84CA-08C0A253C968}.Release|Any CPU.ActiveCfg = Release|Any CPU
		{0EE5DDF2-A7BB-4813-84CA-08C0A253C968}.Release|Any CPU.Build.0 = Release|Any CPU
		{0EE5DDF2-A7BB-4813-84CA-08C0A253C968}.Release|iPhone.ActiveCfg = Release|Any CPU
		{0EE5DDF2-A7BB-4813-84CA-08C0A253C968}.Release|iPhone.Build.0 = Release|Any CPU
		{0EE5DDF2-A7BB-4813-84CA-08C0A253C968}.Release|iPhoneSimulator.ActiveCfg = Release|Any CPU
		{0EE5DDF2-A7BB-4813-84CA-08C0A253C968}.Release|iPhoneSimulator.Build.0 = Release|Any CPU
		{C4EA1818-A8DD-47E1-A79E-4D7F5B793ECC}.Ad-Hoc|Any CPU.ActiveCfg = Debug|Any CPU
		{C4EA1818-A8DD-47E1-A79E-4D7F5B793ECC}.Ad-Hoc|Any CPU.Build.0 = Debug|Any CPU
		{C4EA1818-A8DD-47E1-A79E-4D7F5B793ECC}.Ad-Hoc|iPhone.ActiveCfg = Debug|Any CPU
		{C4EA1818-A8DD-47E1-A79E-4D7F5B793ECC}.Ad-Hoc|iPhone.Build.0 = Debug|Any CPU
		{C4EA1818-A8DD-47E1-A79E-4D7F5B793ECC}.Ad-Hoc|iPhoneSimulator.ActiveCfg = Debug|Any CPU
		{C4EA1818-A8DD-47E1-A79E-4D7F5B793ECC}.Ad-Hoc|iPhoneSimulator.Build.0 = Debug|Any CPU
		{C4EA1818-A8DD-47E1-A79E-4D7F5B793ECC}.AppStore|Any CPU.ActiveCfg = Debug|Any CPU
		{C4EA1818-A8DD-47E1-A79E-4D7F5B793ECC}.AppStore|Any CPU.Build.0 = Debug|Any CPU
		{C4EA1818-A8DD-47E1-A79E-4D7F5B793ECC}.AppStore|iPhone.ActiveCfg = Debug|Any CPU
		{C4EA1818-A8DD-47E1-A79E-4D7F5B793ECC}.AppStore|iPhone.Build.0 = Debug|Any CPU
		{C4EA1818-A8DD-47E1-A79E-4D7F5B793ECC}.AppStore|iPhoneSimulator.ActiveCfg = Debug|Any CPU
		{C4EA1818-A8DD-47E1-A79E-4D7F5B793ECC}.AppStore|iPhoneSimulator.Build.0 = Debug|Any CPU
		{C4EA1818-A8DD-47E1-A79E-4D7F5B793ECC}.Debug|Any CPU.ActiveCfg = Debug|Any CPU
		{C4EA1818-A8DD-47E1-A79E-4D7F5B793ECC}.Debug|Any CPU.Build.0 = Debug|Any CPU
		{C4EA1818-A8DD-47E1-A79E-4D7F5B793ECC}.Debug|iPhone.ActiveCfg = Debug|Any CPU
		{C4EA1818-A8DD-47E1-A79E-4D7F5B793ECC}.Debug|iPhone.Build.0 = Debug|Any CPU
		{C4EA1818-A8DD-47E1-A79E-4D7F5B793ECC}.Debug|iPhoneSimulator.ActiveCfg = Debug|Any CPU
		{C4EA1818-A8DD-47E1-A79E-4D7F5B793ECC}.Debug|iPhoneSimulator.Build.0 = Debug|Any CPU
		{C4EA1818-A8DD-47E1-A79E-4D7F5B793ECC}.Release|Any CPU.ActiveCfg = Release|Any CPU
		{C4EA1818-A8DD-47E1-A79E-4D7F5B793ECC}.Release|Any CPU.Build.0 = Release|Any CPU
		{C4EA1818-A8DD-47E1-A79E-4D7F5B793ECC}.Release|iPhone.ActiveCfg = Release|Any CPU
		{C4EA1818-A8DD-47E1-A79E-4D7F5B793ECC}.Release|iPhone.Build.0 = Release|Any CPU
		{C4EA1818-A8DD-47E1-A79E-4D7F5B793ECC}.Release|iPhoneSimulator.ActiveCfg = Release|Any CPU
		{C4EA1818-A8DD-47E1-A79E-4D7F5B793ECC}.Release|iPhoneSimulator.Build.0 = Release|Any CPU
		{80CD3EAE-3655-451D-8E46-C2C655DC157A}.Ad-Hoc|Any CPU.ActiveCfg = Debug|Any CPU
		{80CD3EAE-3655-451D-8E46-C2C655DC157A}.Ad-Hoc|Any CPU.Build.0 = Debug|Any CPU
		{80CD3EAE-3655-451D-8E46-C2C655DC157A}.Ad-Hoc|iPhone.ActiveCfg = Debug|Any CPU
		{80CD3EAE-3655-451D-8E46-C2C655DC157A}.Ad-Hoc|iPhone.Build.0 = Debug|Any CPU
		{80CD3EAE-3655-451D-8E46-C2C655DC157A}.Ad-Hoc|iPhoneSimulator.ActiveCfg = Debug|Any CPU
		{80CD3EAE-3655-451D-8E46-C2C655DC157A}.Ad-Hoc|iPhoneSimulator.Build.0 = Debug|Any CPU
		{80CD3EAE-3655-451D-8E46-C2C655DC157A}.AppStore|Any CPU.ActiveCfg = Debug|Any CPU
		{80CD3EAE-3655-451D-8E46-C2C655DC157A}.AppStore|Any CPU.Build.0 = Debug|Any CPU
		{80CD3EAE-3655-451D-8E46-C2C655DC157A}.AppStore|iPhone.ActiveCfg = Debug|Any CPU
		{80CD3EAE-3655-451D-8E46-C2C655DC157A}.AppStore|iPhone.Build.0 = Debug|Any CPU
		{80CD3EAE-3655-451D-8E46-C2C655DC157A}.AppStore|iPhoneSimulator.ActiveCfg = Debug|Any CPU
		{80CD3EAE-3655-451D-8E46-C2C655DC157A}.AppStore|iPhoneSimulator.Build.0 = Debug|Any CPU
		{80CD3EAE-3655-451D-8E46-C2C655DC157A}.Debug|Any CPU.ActiveCfg = Debug|Any CPU
		{80CD3EAE-3655-451D-8E46-C2C655DC157A}.Debug|Any CPU.Build.0 = Debug|Any CPU
		{80CD3EAE-3655-451D-8E46-C2C655DC157A}.Debug|iPhone.ActiveCfg = Debug|Any CPU
		{80CD3EAE-3655-451D-8E46-C2C655DC157A}.Debug|iPhone.Build.0 = Debug|Any CPU
		{80CD3EAE-3655-451D-8E46-C2C655DC157A}.Debug|iPhoneSimulator.ActiveCfg = Debug|Any CPU
		{80CD3EAE-3655-451D-8E46-C2C655DC157A}.Debug|iPhoneSimulator.Build.0 = Debug|Any CPU
		{80CD3EAE-3655-451D-8E46-C2C655DC157A}.Release|Any CPU.ActiveCfg = Release|Any CPU
		{80CD3EAE-3655-451D-8E46-C2C655DC157A}.Release|Any CPU.Build.0 = Release|Any CPU
		{80CD3EAE-3655-451D-8E46-C2C655DC157A}.Release|iPhone.ActiveCfg = Release|Any CPU
		{80CD3EAE-3655-451D-8E46-C2C655DC157A}.Release|iPhone.Build.0 = Release|Any CPU
		{80CD3EAE-3655-451D-8E46-C2C655DC157A}.Release|iPhoneSimulator.ActiveCfg = Release|Any CPU
		{80CD3EAE-3655-451D-8E46-C2C655DC157A}.Release|iPhoneSimulator.Build.0 = Release|Any CPU
		{3CBE5A90-6BA2-4BAA-97A9-D84FEE3C77F1}.Ad-Hoc|Any CPU.ActiveCfg = Debug|Any CPU
		{3CBE5A90-6BA2-4BAA-97A9-D84FEE3C77F1}.Ad-Hoc|Any CPU.Build.0 = Debug|Any CPU
		{3CBE5A90-6BA2-4BAA-97A9-D84FEE3C77F1}.Ad-Hoc|iPhone.ActiveCfg = Debug|Any CPU
		{3CBE5A90-6BA2-4BAA-97A9-D84FEE3C77F1}.Ad-Hoc|iPhone.Build.0 = Debug|Any CPU
		{3CBE5A90-6BA2-4BAA-97A9-D84FEE3C77F1}.Ad-Hoc|iPhoneSimulator.ActiveCfg = Debug|Any CPU
		{3CBE5A90-6BA2-4BAA-97A9-D84FEE3C77F1}.Ad-Hoc|iPhoneSimulator.Build.0 = Debug|Any CPU
		{3CBE5A90-6BA2-4BAA-97A9-D84FEE3C77F1}.AppStore|Any CPU.ActiveCfg = Debug|Any CPU
		{3CBE5A90-6BA2-4BAA-97A9-D84FEE3C77F1}.AppStore|Any CPU.Build.0 = Debug|Any CPU
		{3CBE5A90-6BA2-4BAA-97A9-D84FEE3C77F1}.AppStore|iPhone.ActiveCfg = Debug|Any CPU
		{3CBE5A90-6BA2-4BAA-97A9-D84FEE3C77F1}.AppStore|iPhone.Build.0 = Debug|Any CPU
		{3CBE5A90-6BA2-4BAA-97A9-D84FEE3C77F1}.AppStore|iPhoneSimulator.ActiveCfg = Debug|Any CPU
		{3CBE5A90-6BA2-4BAA-97A9-D84FEE3C77F1}.AppStore|iPhoneSimulator.Build.0 = Debug|Any CPU
		{3CBE5A90-6BA2-4BAA-97A9-D84FEE3C77F1}.Debug|Any CPU.ActiveCfg = Debug|Any CPU
		{3CBE5A90-6BA2-4BAA-97A9-D84FEE3C77F1}.Debug|Any CPU.Build.0 = Debug|Any CPU
		{3CBE5A90-6BA2-4BAA-97A9-D84FEE3C77F1}.Debug|iPhone.ActiveCfg = Debug|Any CPU
		{3CBE5A90-6BA2-4BAA-97A9-D84FEE3C77F1}.Debug|iPhone.Build.0 = Debug|Any CPU
		{3CBE5A90-6BA2-4BAA-97A9-D84FEE3C77F1}.Debug|iPhoneSimulator.ActiveCfg = Debug|Any CPU
		{3CBE5A90-6BA2-4BAA-97A9-D84FEE3C77F1}.Debug|iPhoneSimulator.Build.0 = Debug|Any CPU
		{3CBE5A90-6BA2-4BAA-97A9-D84FEE3C77F1}.Release|Any CPU.ActiveCfg = Release|Any CPU
		{3CBE5A90-6BA2-4BAA-97A9-D84FEE3C77F1}.Release|Any CPU.Build.0 = Release|Any CPU
		{3CBE5A90-6BA2-4BAA-97A9-D84FEE3C77F1}.Release|iPhone.ActiveCfg = Release|Any CPU
		{3CBE5A90-6BA2-4BAA-97A9-D84FEE3C77F1}.Release|iPhone.Build.0 = Release|Any CPU
		{3CBE5A90-6BA2-4BAA-97A9-D84FEE3C77F1}.Release|iPhoneSimulator.ActiveCfg = Release|Any CPU
		{3CBE5A90-6BA2-4BAA-97A9-D84FEE3C77F1}.Release|iPhoneSimulator.Build.0 = Release|Any CPU
	EndGlobalSection
	GlobalSection(SolutionProperties) = preSolution
		HideSolutionNode = FALSE
	EndGlobalSection
	GlobalSection(NestedProjects) = preSolution
		{3DF0932E-182F-41BE-8CC1-C0363520E7FF} = {E040FF78-13D0-494D-88A7-753FE4B7C4B7}
		{E1834302-4B28-4845-8D03-9C78A00D63E7} = {E040FF78-13D0-494D-88A7-753FE4B7C4B7}
		{4226338C-261B-4C09-89EA-258E2F96E4E6} = {E040FF78-13D0-494D-88A7-753FE4B7C4B7}
		{77F7ABC5-55BB-48C0-B589-402F0A8C35E1} = {E040FF78-13D0-494D-88A7-753FE4B7C4B7}
		{45C9F90E-6D1E-4967-B323-3FF4508D317E} = {E040FF78-13D0-494D-88A7-753FE4B7C4B7}
		{8FC5F8EF-74AC-4388-B06C-F16F4F32B0AF} = {171AD673-8BEC-409D-A6B7-C08EAB24E4A9}
		{3F2351D3-B640-4147-A6B5-DC3C6C1E7D49} = {E040FF78-13D0-494D-88A7-753FE4B7C4B7}
		{22B69FD5-C6A7-4F54-9619-D23E177396EE} = {E040FF78-13D0-494D-88A7-753FE4B7C4B7}
		{1430A22E-1718-4DD3-8C89-DA435D399D72} = {171AD673-8BEC-409D-A6B7-C08EAB24E4A9}
		{0EE5DDF2-A7BB-4813-84CA-08C0A253C968} = {E040FF78-13D0-494D-88A7-753FE4B7C4B7}
		{C4EA1818-A8DD-47E1-A79E-4D7F5B793ECC} = {171AD673-8BEC-409D-A6B7-C08EAB24E4A9}
		{80CD3EAE-3655-451D-8E46-C2C655DC157A} = {171AD673-8BEC-409D-A6B7-C08EAB24E4A9}
		{3CBE5A90-6BA2-4BAA-97A9-D84FEE3C77F1} = {E040FF78-13D0-494D-88A7-753FE4B7C4B7}
	EndGlobalSection
	GlobalSection(ExtensibilityGlobals) = postSolution
		SolutionGuid = {FADE9D21-201E-432C-ABCE-09F1F0A6D9D0}
	EndGlobalSection
	GlobalSection(SharedMSBuildProjectFiles) = preSolution
		BlueJay.Shared\BlueJay.Shared.projitems*{1e5842b0-1a33-4ecb-8e95-26331b727b18}*SharedItemsImports = 13
		BlueJay.Shared\BlueJay.Shared.projitems*{357524c2-c190-48f8-8bf9-f21fa4609ad5}*SharedItemsImports = 5
	EndGlobalSection
EndGlobal
