
Microsoft Visual Studio Solution File, Format Version 12.00
# Visual Studio Version 16
VisualStudioVersion = 16.0.31105.61
MinimumVisualStudioVersion = 10.0.40219.1
Project("{9A19103F-16F7-4668-BE54-9A1E7A4F7556}") = "BlueJay.App", "BlueJay.App\BlueJay.App.csproj", "{6F21BA99-DC22-40F2-8DD6-DFF0BB357240}"
EndProject
Project("{2150E333-8FDC-42A3-9474-1A3956D46DE8}") = "lib", "lib", "{E040FF78-13D0-494D-88A7-753FE4B7C4B7}"
EndProject
Project("{9A19103F-16F7-4668-BE54-9A1E7A4F7556}") = "BlueJay.Component.System", "lib\BlueJay.Component.System\BlueJay.Component.System.csproj", "{3DF0932E-182F-41BE-8CC1-C0363520E7FF}"
EndProject
Project("{9A19103F-16F7-4668-BE54-9A1E7A4F7556}") = "BlueJay.Core", "lib\BlueJay.Core\BlueJay.Core.csproj", "{E1834302-4B28-4845-8D03-9C78A00D63E7}"
EndProject
Project("{9A19103F-16F7-4668-BE54-9A1E7A4F7556}") = "BlueJay.Events", "lib\BlueJay.Events\BlueJay.Events.csproj", "{4226338C-261B-4C09-89EA-258E2F96E4E6}"
EndProject
Project("{9A19103F-16F7-4668-BE54-9A1E7A4F7556}") = "BlueJay", "lib\BlueJay\BlueJay.csproj", "{77F7ABC5-55BB-48C0-B589-402F0A8C35E1}"
EndProject
Project("{9A19103F-16F7-4668-BE54-9A1E7A4F7556}") = "BlueJay.UI", "lib\BlueJay.UI\BlueJay.UI.csproj", "{45C9F90E-6D1E-4967-B323-3FF4508D317E}"
EndProject
Project("{2150E333-8FDC-42A3-9474-1A3956D46DE8}") = "tests", "tests", "{171AD673-8BEC-409D-A6B7-C08EAB24E4A9}"
EndProject
Project("{9A19103F-16F7-4668-BE54-9A1E7A4F7556}") = "BlueJay.Core.Test", "tests\BlueJay.Core.Test\BlueJay.Core.Test.csproj", "{8FC5F8EF-74AC-4388-B06C-F16F4F32B0AF}"
EndProject
Project("{FAE04EC0-301F-11D3-BF4B-00C04F79EFBC}") = "BlueJay.IOS.App", "BlueJay.IOS.App\BlueJay.IOS.App.csproj", "{A4878805-DDB9-4502-97AB-F954CF30E629}"
EndProject
Project("{FAE04EC0-301F-11D3-BF4B-00C04F79EFBC}") = "BlueJay.Android.App", "BlueJay.Android.App\BlueJay.Android.App.csproj", "{86661005-9F79-4A0A-8A70-A47B72DB94E2}"
EndProject
Project("{9A19103F-16F7-4668-BE54-9A1E7A4F7556}") = "BlueJay.Common", "lib\BlueJay.Common\BlueJay.Common.csproj", "{3F2351D3-B640-4147-A6B5-DC3C6C1E7D49}"
EndProject
Project("{9A19103F-16F7-4668-BE54-9A1E7A4F7556}") = "BlueJay.UI.Component", "lib\BlueJay.UI.Component\BlueJay.UI.Component.csproj", "{22B69FD5-C6A7-4F54-9619-D23E177396EE}"
EndProject
Project("{D954291E-2A0B-460D-934E-DC6B0785DB48}") = "BlueJay.Shared", "BlueJay.Shared\BlueJay.Shared.shproj", "{1E5842B0-1A33-4ECB-8E95-26331B727B18}"
EndProject
Project("{9A19103F-16F7-4668-BE54-9A1E7A4F7556}") = "BlueJay.UI.Component.Test", "tests\BlueJay.UI.Component.Test\BlueJay.UI.Component.Test.csproj", "{1430A22E-1718-4DD3-8C89-DA435D399D72}"
EndProject
Global
	GlobalSection(SharedMSBuildProjectFiles) = preSolution
		BlueJay.Shared\BlueJay.Shared.projitems*{1e5842b0-1a33-4ecb-8e95-26331b727b18}*SharedItemsImports = 13
		BlueJay.Shared\BlueJay.Shared.projitems*{6f21ba99-dc22-40f2-8dd6-dff0bb357240}*SharedItemsImports = 5
		BlueJay.Shared\BlueJay.Shared.projitems*{86661005-9f79-4a0a-8a70-a47b72db94e2}*SharedItemsImports = 4
		BlueJay.Shared\BlueJay.Shared.projitems*{a4878805-ddb9-4502-97ab-f954cf30e629}*SharedItemsImports = 4
	EndGlobalSection
	GlobalSection(SolutionConfigurationPlatforms) = preSolution
		Ad-Hoc|Any CPU = Ad-Hoc|Any CPU
		Ad-Hoc|iPhone = Ad-Hoc|iPhone
		Ad-Hoc|iPhoneSimulator = Ad-Hoc|iPhoneSimulator
		AppStore|Any CPU = AppStore|Any CPU
		AppStore|iPhone = AppStore|iPhone
		AppStore|iPhoneSimulator = AppStore|iPhoneSimulator
		Debug|Any CPU = Debug|Any CPU
		Debug|iPhone = Debug|iPhone
		Debug|iPhoneSimulator = Debug|iPhoneSimulator
		Release|Any CPU = Release|Any CPU
		Release|iPhone = Release|iPhone
		Release|iPhoneSimulator = Release|iPhoneSimulator
	EndGlobalSection
	GlobalSection(ProjectConfigurationPlatforms) = postSolution
		{6F21BA99-DC22-40F2-8DD6-DFF0BB357240}.Ad-Hoc|Any CPU.ActiveCfg = Release|Any CPU
		{6F21BA99-DC22-40F2-8DD6-DFF0BB357240}.Ad-Hoc|Any CPU.Build.0 = Release|Any CPU
		{6F21BA99-DC22-40F2-8DD6-DFF0BB357240}.Ad-Hoc|iPhone.ActiveCfg = Release|Any CPU
		{6F21BA99-DC22-40F2-8DD6-DFF0BB357240}.Ad-Hoc|iPhone.Build.0 = Release|Any CPU
		{6F21BA99-DC22-40F2-8DD6-DFF0BB357240}.Ad-Hoc|iPhoneSimulator.ActiveCfg = Release|Any CPU
		{6F21BA99-DC22-40F2-8DD6-DFF0BB357240}.Ad-Hoc|iPhoneSimulator.Build.0 = Release|Any CPU
		{6F21BA99-DC22-40F2-8DD6-DFF0BB357240}.AppStore|Any CPU.ActiveCfg = Release|Any CPU
		{6F21BA99-DC22-40F2-8DD6-DFF0BB357240}.AppStore|Any CPU.Build.0 = Release|Any CPU
		{6F21BA99-DC22-40F2-8DD6-DFF0BB357240}.AppStore|iPhone.ActiveCfg = Release|Any CPU
		{6F21BA99-DC22-40F2-8DD6-DFF0BB357240}.AppStore|iPhone.Build.0 = Release|Any CPU
		{6F21BA99-DC22-40F2-8DD6-DFF0BB357240}.AppStore|iPhoneSimulator.ActiveCfg = Release|Any CPU
		{6F21BA99-DC22-40F2-8DD6-DFF0BB357240}.AppStore|iPhoneSimulator.Build.0 = Release|Any CPU
		{6F21BA99-DC22-40F2-8DD6-DFF0BB357240}.Debug|Any CPU.ActiveCfg = Debug|Any CPU
		{6F21BA99-DC22-40F2-8DD6-DFF0BB357240}.Debug|Any CPU.Build.0 = Debug|Any CPU
		{6F21BA99-DC22-40F2-8DD6-DFF0BB357240}.Debug|iPhone.ActiveCfg = Debug|Any CPU
		{6F21BA99-DC22-40F2-8DD6-DFF0BB357240}.Debug|iPhone.Build.0 = Debug|Any CPU
		{6F21BA99-DC22-40F2-8DD6-DFF0BB357240}.Debug|iPhoneSimulator.ActiveCfg = Debug|Any CPU
		{6F21BA99-DC22-40F2-8DD6-DFF0BB357240}.Debug|iPhoneSimulator.Build.0 = Debug|Any CPU
		{6F21BA99-DC22-40F2-8DD6-DFF0BB357240}.Release|Any CPU.ActiveCfg = Release|Any CPU
		{6F21BA99-DC22-40F2-8DD6-DFF0BB357240}.Release|Any CPU.Build.0 = Release|Any CPU
		{6F21BA99-DC22-40F2-8DD6-DFF0BB357240}.Release|iPhone.ActiveCfg = Release|Any CPU
		{6F21BA99-DC22-40F2-8DD6-DFF0BB357240}.Release|iPhone.Build.0 = Release|Any CPU
		{6F21BA99-DC22-40F2-8DD6-DFF0BB357240}.Release|iPhoneSimulator.ActiveCfg = Release|Any CPU
		{6F21BA99-DC22-40F2-8DD6-DFF0BB357240}.Release|iPhoneSimulator.Build.0 = Release|Any CPU
		{3DF0932E-182F-41BE-8CC1-C0363520E7FF}.Ad-Hoc|Any CPU.ActiveCfg = Release|Any CPU
		{3DF0932E-182F-41BE-8CC1-C0363520E7FF}.Ad-Hoc|Any CPU.Build.0 = Release|Any CPU
		{3DF0932E-182F-41BE-8CC1-C0363520E7FF}.Ad-Hoc|iPhone.ActiveCfg = Release|Any CPU
		{3DF0932E-182F-41BE-8CC1-C0363520E7FF}.Ad-Hoc|iPhone.Build.0 = Release|Any CPU
		{3DF0932E-182F-41BE-8CC1-C0363520E7FF}.Ad-Hoc|iPhoneSimulator.ActiveCfg = Release|Any CPU
		{3DF0932E-182F-41BE-8CC1-C0363520E7FF}.Ad-Hoc|iPhoneSimulator.Build.0 = Release|Any CPU
		{3DF0932E-182F-41BE-8CC1-C0363520E7FF}.AppStore|Any CPU.ActiveCfg = Release|Any CPU
		{3DF0932E-182F-41BE-8CC1-C0363520E7FF}.AppStore|Any CPU.Build.0 = Release|Any CPU
		{3DF0932E-182F-41BE-8CC1-C0363520E7FF}.AppStore|iPhone.ActiveCfg = Release|Any CPU
		{3DF0932E-182F-41BE-8CC1-C0363520E7FF}.AppStore|iPhone.Build.0 = Release|Any CPU
		{3DF0932E-182F-41BE-8CC1-C0363520E7FF}.AppStore|iPhoneSimulator.ActiveCfg = Release|Any CPU
		{3DF0932E-182F-41BE-8CC1-C0363520E7FF}.AppStore|iPhoneSimulator.Build.0 = Release|Any CPU
		{3DF0932E-182F-41BE-8CC1-C0363520E7FF}.Debug|Any CPU.ActiveCfg = Debug|Any CPU
		{3DF0932E-182F-41BE-8CC1-C0363520E7FF}.Debug|Any CPU.Build.0 = Debug|Any CPU
		{3DF0932E-182F-41BE-8CC1-C0363520E7FF}.Debug|iPhone.ActiveCfg = Debug|Any CPU
		{3DF0932E-182F-41BE-8CC1-C0363520E7FF}.Debug|iPhone.Build.0 = Debug|Any CPU
		{3DF0932E-182F-41BE-8CC1-C0363520E7FF}.Debug|iPhoneSimulator.ActiveCfg = Debug|Any CPU
		{3DF0932E-182F-41BE-8CC1-C0363520E7FF}.Debug|iPhoneSimulator.Build.0 = Debug|Any CPU
		{3DF0932E-182F-41BE-8CC1-C0363520E7FF}.Release|Any CPU.ActiveCfg = Release|Any CPU
		{3DF0932E-182F-41BE-8CC1-C0363520E7FF}.Release|Any CPU.Build.0 = Release|Any CPU
		{3DF0932E-182F-41BE-8CC1-C0363520E7FF}.Release|iPhone.ActiveCfg = Release|Any CPU
		{3DF0932E-182F-41BE-8CC1-C0363520E7FF}.Release|iPhone.Build.0 = Release|Any CPU
		{3DF0932E-182F-41BE-8CC1-C0363520E7FF}.Release|iPhoneSimulator.ActiveCfg = Release|Any CPU
		{3DF0932E-182F-41BE-8CC1-C0363520E7FF}.Release|iPhoneSimulator.Build.0 = Release|Any CPU
		{E1834302-4B28-4845-8D03-9C78A00D63E7}.Ad-Hoc|Any CPU.ActiveCfg = Release|Any CPU
		{E1834302-4B28-4845-8D03-9C78A00D63E7}.Ad-Hoc|Any CPU.Build.0 = Release|Any CPU
		{E1834302-4B28-4845-8D03-9C78A00D63E7}.Ad-Hoc|iPhone.ActiveCfg = Release|Any CPU
		{E1834302-4B28-4845-8D03-9C78A00D63E7}.Ad-Hoc|iPhone.Build.0 = Release|Any CPU
		{E1834302-4B28-4845-8D03-9C78A00D63E7}.Ad-Hoc|iPhoneSimulator.ActiveCfg = Release|Any CPU
		{E1834302-4B28-4845-8D03-9C78A00D63E7}.Ad-Hoc|iPhoneSimulator.Build.0 = Release|Any CPU
		{E1834302-4B28-4845-8D03-9C78A00D63E7}.AppStore|Any CPU.ActiveCfg = Release|Any CPU
		{E1834302-4B28-4845-8D03-9C78A00D63E7}.AppStore|Any CPU.Build.0 = Release|Any CPU
		{E1834302-4B28-4845-8D03-9C78A00D63E7}.AppStore|iPhone.ActiveCfg = Release|Any CPU
		{E1834302-4B28-4845-8D03-9C78A00D63E7}.AppStore|iPhone.Build.0 = Release|Any CPU
		{E1834302-4B28-4845-8D03-9C78A00D63E7}.AppStore|iPhoneSimulator.ActiveCfg = Release|Any CPU
		{E1834302-4B28-4845-8D03-9C78A00D63E7}.AppStore|iPhoneSimulator.Build.0 = Release|Any CPU
		{E1834302-4B28-4845-8D03-9C78A00D63E7}.Debug|Any CPU.ActiveCfg = Debug|Any CPU
		{E1834302-4B28-4845-8D03-9C78A00D63E7}.Debug|Any CPU.Build.0 = Debug|Any CPU
		{E1834302-4B28-4845-8D03-9C78A00D63E7}.Debug|iPhone.ActiveCfg = Debug|Any CPU
		{E1834302-4B28-4845-8D03-9C78A00D63E7}.Debug|iPhone.Build.0 = Debug|Any CPU
		{E1834302-4B28-4845-8D03-9C78A00D63E7}.Debug|iPhoneSimulator.ActiveCfg = Debug|Any CPU
		{E1834302-4B28-4845-8D03-9C78A00D63E7}.Debug|iPhoneSimulator.Build.0 = Debug|Any CPU
		{E1834302-4B28-4845-8D03-9C78A00D63E7}.Release|Any CPU.ActiveCfg = Release|Any CPU
		{E1834302-4B28-4845-8D03-9C78A00D63E7}.Release|Any CPU.Build.0 = Release|Any CPU
		{E1834302-4B28-4845-8D03-9C78A00D63E7}.Release|iPhone.ActiveCfg = Release|Any CPU
		{E1834302-4B28-4845-8D03-9C78A00D63E7}.Release|iPhone.Build.0 = Release|Any CPU
		{E1834302-4B28-4845-8D03-9C78A00D63E7}.Release|iPhoneSimulator.ActiveCfg = Release|Any CPU
		{E1834302-4B28-4845-8D03-9C78A00D63E7}.Release|iPhoneSimulator.Build.0 = Release|Any CPU
		{4226338C-261B-4C09-89EA-258E2F96E4E6}.Ad-Hoc|Any CPU.ActiveCfg = Release|Any CPU
		{4226338C-261B-4C09-89EA-258E2F96E4E6}.Ad-Hoc|Any CPU.Build.0 = Release|Any CPU
		{4226338C-261B-4C09-89EA-258E2F96E4E6}.Ad-Hoc|iPhone.ActiveCfg = Release|Any CPU
		{4226338C-261B-4C09-89EA-258E2F96E4E6}.Ad-Hoc|iPhone.Build.0 = Release|Any CPU
		{4226338C-261B-4C09-89EA-258E2F96E4E6}.Ad-Hoc|iPhoneSimulator.ActiveCfg = Release|Any CPU
		{4226338C-261B-4C09-89EA-258E2F96E4E6}.Ad-Hoc|iPhoneSimulator.Build.0 = Release|Any CPU
		{4226338C-261B-4C09-89EA-258E2F96E4E6}.AppStore|Any CPU.ActiveCfg = Release|Any CPU
		{4226338C-261B-4C09-89EA-258E2F96E4E6}.AppStore|Any CPU.Build.0 = Release|Any CPU
		{4226338C-261B-4C09-89EA-258E2F96E4E6}.AppStore|iPhone.ActiveCfg = Release|Any CPU
		{4226338C-261B-4C09-89EA-258E2F96E4E6}.AppStore|iPhone.Build.0 = Release|Any CPU
		{4226338C-261B-4C09-89EA-258E2F96E4E6}.AppStore|iPhoneSimulator.ActiveCfg = Release|Any CPU
		{4226338C-261B-4C09-89EA-258E2F96E4E6}.AppStore|iPhoneSimulator.Build.0 = Release|Any CPU
		{4226338C-261B-4C09-89EA-258E2F96E4E6}.Debug|Any CPU.ActiveCfg = Debug|Any CPU
		{4226338C-261B-4C09-89EA-258E2F96E4E6}.Debug|Any CPU.Build.0 = Debug|Any CPU
		{4226338C-261B-4C09-89EA-258E2F96E4E6}.Debug|iPhone.ActiveCfg = Debug|Any CPU
		{4226338C-261B-4C09-89EA-258E2F96E4E6}.Debug|iPhone.Build.0 = Debug|Any CPU
		{4226338C-261B-4C09-89EA-258E2F96E4E6}.Debug|iPhoneSimulator.ActiveCfg = Debug|Any CPU
		{4226338C-261B-4C09-89EA-258E2F96E4E6}.Debug|iPhoneSimulator.Build.0 = Debug|Any CPU
		{4226338C-261B-4C09-89EA-258E2F96E4E6}.Release|Any CPU.ActiveCfg = Release|Any CPU
		{4226338C-261B-4C09-89EA-258E2F96E4E6}.Release|Any CPU.Build.0 = Release|Any CPU
		{4226338C-261B-4C09-89EA-258E2F96E4E6}.Release|iPhone.ActiveCfg = Release|Any CPU
		{4226338C-261B-4C09-89EA-258E2F96E4E6}.Release|iPhone.Build.0 = Release|Any CPU
		{4226338C-261B-4C09-89EA-258E2F96E4E6}.Release|iPhoneSimulator.ActiveCfg = Release|Any CPU
		{4226338C-261B-4C09-89EA-258E2F96E4E6}.Release|iPhoneSimulator.Build.0 = Release|Any CPU
		{77F7ABC5-55BB-48C0-B589-402F0A8C35E1}.Ad-Hoc|Any CPU.ActiveCfg = Release|Any CPU
		{77F7ABC5-55BB-48C0-B589-402F0A8C35E1}.Ad-Hoc|Any CPU.Build.0 = Release|Any CPU
		{77F7ABC5-55BB-48C0-B589-402F0A8C35E1}.Ad-Hoc|iPhone.ActiveCfg = Release|Any CPU
		{77F7ABC5-55BB-48C0-B589-402F0A8C35E1}.Ad-Hoc|iPhone.Build.0 = Release|Any CPU
		{77F7ABC5-55BB-48C0-B589-402F0A8C35E1}.Ad-Hoc|iPhoneSimulator.ActiveCfg = Release|Any CPU
		{77F7ABC5-55BB-48C0-B589-402F0A8C35E1}.Ad-Hoc|iPhoneSimulator.Build.0 = Release|Any CPU
		{77F7ABC5-55BB-48C0-B589-402F0A8C35E1}.AppStore|Any CPU.ActiveCfg = Release|Any CPU
		{77F7ABC5-55BB-48C0-B589-402F0A8C35E1}.AppStore|Any CPU.Build.0 = Release|Any CPU
		{77F7ABC5-55BB-48C0-B589-402F0A8C35E1}.AppStore|iPhone.ActiveCfg = Release|Any CPU
		{77F7ABC5-55BB-48C0-B589-402F0A8C35E1}.AppStore|iPhone.Build.0 = Release|Any CPU
		{77F7ABC5-55BB-48C0-B589-402F0A8C35E1}.AppStore|iPhoneSimulator.ActiveCfg = Release|Any CPU
		{77F7ABC5-55BB-48C0-B589-402F0A8C35E1}.AppStore|iPhoneSimulator.Build.0 = Release|Any CPU
		{77F7ABC5-55BB-48C0-B589-402F0A8C35E1}.Debug|Any CPU.ActiveCfg = Debug|Any CPU
		{77F7ABC5-55BB-48C0-B589-402F0A8C35E1}.Debug|Any CPU.Build.0 = Debug|Any CPU
		{77F7ABC5-55BB-48C0-B589-402F0A8C35E1}.Debug|iPhone.ActiveCfg = Debug|Any CPU
		{77F7ABC5-55BB-48C0-B589-402F0A8C35E1}.Debug|iPhone.Build.0 = Debug|Any CPU
		{77F7ABC5-55BB-48C0-B589-402F0A8C35E1}.Debug|iPhoneSimulator.ActiveCfg = Debug|Any CPU
		{77F7ABC5-55BB-48C0-B589-402F0A8C35E1}.Debug|iPhoneSimulator.Build.0 = Debug|Any CPU
		{77F7ABC5-55BB-48C0-B589-402F0A8C35E1}.Release|Any CPU.ActiveCfg = Release|Any CPU
		{77F7ABC5-55BB-48C0-B589-402F0A8C35E1}.Release|Any CPU.Build.0 = Release|Any CPU
		{77F7ABC5-55BB-48C0-B589-402F0A8C35E1}.Release|iPhone.ActiveCfg = Release|Any CPU
		{77F7ABC5-55BB-48C0-B589-402F0A8C35E1}.Release|iPhone.Build.0 = Release|Any CPU
		{77F7ABC5-55BB-48C0-B589-402F0A8C35E1}.Release|iPhoneSimulator.ActiveCfg = Release|Any CPU
		{77F7ABC5-55BB-48C0-B589-402F0A8C35E1}.Release|iPhoneSimulator.Build.0 = Release|Any CPU
		{45C9F90E-6D1E-4967-B323-3FF4508D317E}.Ad-Hoc|Any CPU.ActiveCfg = Release|Any CPU
		{45C9F90E-6D1E-4967-B323-3FF4508D317E}.Ad-Hoc|Any CPU.Build.0 = Release|Any CPU
		{45C9F90E-6D1E-4967-B323-3FF4508D317E}.Ad-Hoc|iPhone.ActiveCfg = Release|Any CPU
		{45C9F90E-6D1E-4967-B323-3FF4508D317E}.Ad-Hoc|iPhone.Build.0 = Release|Any CPU
		{45C9F90E-6D1E-4967-B323-3FF4508D317E}.Ad-Hoc|iPhoneSimulator.ActiveCfg = Release|Any CPU
		{45C9F90E-6D1E-4967-B323-3FF4508D317E}.Ad-Hoc|iPhoneSimulator.Build.0 = Release|Any CPU
		{45C9F90E-6D1E-4967-B323-3FF4508D317E}.AppStore|Any CPU.ActiveCfg = Release|Any CPU
		{45C9F90E-6D1E-4967-B323-3FF4508D317E}.AppStore|Any CPU.Build.0 = Release|Any CPU
		{45C9F90E-6D1E-4967-B323-3FF4508D317E}.AppStore|iPhone.ActiveCfg = Release|Any CPU
		{45C9F90E-6D1E-4967-B323-3FF4508D317E}.AppStore|iPhone.Build.0 = Release|Any CPU
		{45C9F90E-6D1E-4967-B323-3FF4508D317E}.AppStore|iPhoneSimulator.ActiveCfg = Release|Any CPU
		{45C9F90E-6D1E-4967-B323-3FF4508D317E}.AppStore|iPhoneSimulator.Build.0 = Release|Any CPU
		{45C9F90E-6D1E-4967-B323-3FF4508D317E}.Debug|Any CPU.ActiveCfg = Debug|Any CPU
		{45C9F90E-6D1E-4967-B323-3FF4508D317E}.Debug|Any CPU.Build.0 = Debug|Any CPU
		{45C9F90E-6D1E-4967-B323-3FF4508D317E}.Debug|iPhone.ActiveCfg = Debug|Any CPU
		{45C9F90E-6D1E-4967-B323-3FF4508D317E}.Debug|iPhone.Build.0 = Debug|Any CPU
		{45C9F90E-6D1E-4967-B323-3FF4508D317E}.Debug|iPhoneSimulator.ActiveCfg = Debug|Any CPU
		{45C9F90E-6D1E-4967-B323-3FF4508D317E}.Debug|iPhoneSimulator.Build.0 = Debug|Any CPU
		{45C9F90E-6D1E-4967-B323-3FF4508D317E}.Release|Any CPU.ActiveCfg = Release|Any CPU
		{45C9F90E-6D1E-4967-B323-3FF4508D317E}.Release|Any CPU.Build.0 = Release|Any CPU
		{45C9F90E-6D1E-4967-B323-3FF4508D317E}.Release|iPhone.ActiveCfg = Release|Any CPU
		{45C9F90E-6D1E-4967-B323-3FF4508D317E}.Release|iPhone.Build.0 = Release|Any CPU
		{45C9F90E-6D1E-4967-B323-3FF4508D317E}.Release|iPhoneSimulator.ActiveCfg = Release|Any CPU
		{45C9F90E-6D1E-4967-B323-3FF4508D317E}.Release|iPhoneSimulator.Build.0 = Release|Any CPU
		{8FC5F8EF-74AC-4388-B06C-F16F4F32B0AF}.Ad-Hoc|Any CPU.ActiveCfg = Debug|Any CPU
		{8FC5F8EF-74AC-4388-B06C-F16F4F32B0AF}.Ad-Hoc|Any CPU.Build.0 = Debug|Any CPU
		{8FC5F8EF-74AC-4388-B06C-F16F4F32B0AF}.Ad-Hoc|iPhone.ActiveCfg = Debug|Any CPU
		{8FC5F8EF-74AC-4388-B06C-F16F4F32B0AF}.Ad-Hoc|iPhone.Build.0 = Debug|Any CPU
		{8FC5F8EF-74AC-4388-B06C-F16F4F32B0AF}.Ad-Hoc|iPhoneSimulator.ActiveCfg = Debug|Any CPU
		{8FC5F8EF-74AC-4388-B06C-F16F4F32B0AF}.Ad-Hoc|iPhoneSimulator.Build.0 = Debug|Any CPU
		{8FC5F8EF-74AC-4388-B06C-F16F4F32B0AF}.AppStore|Any CPU.ActiveCfg = Debug|Any CPU
		{8FC5F8EF-74AC-4388-B06C-F16F4F32B0AF}.AppStore|Any CPU.Build.0 = Debug|Any CPU
		{8FC5F8EF-74AC-4388-B06C-F16F4F32B0AF}.AppStore|iPhone.ActiveCfg = Debug|Any CPU
		{8FC5F8EF-74AC-4388-B06C-F16F4F32B0AF}.AppStore|iPhone.Build.0 = Debug|Any CPU
		{8FC5F8EF-74AC-4388-B06C-F16F4F32B0AF}.AppStore|iPhoneSimulator.ActiveCfg = Debug|Any CPU
		{8FC5F8EF-74AC-4388-B06C-F16F4F32B0AF}.AppStore|iPhoneSimulator.Build.0 = Debug|Any CPU
		{8FC5F8EF-74AC-4388-B06C-F16F4F32B0AF}.Debug|Any CPU.ActiveCfg = Debug|Any CPU
		{8FC5F8EF-74AC-4388-B06C-F16F4F32B0AF}.Debug|Any CPU.Build.0 = Debug|Any CPU
		{8FC5F8EF-74AC-4388-B06C-F16F4F32B0AF}.Debug|iPhone.ActiveCfg = Debug|Any CPU
		{8FC5F8EF-74AC-4388-B06C-F16F4F32B0AF}.Debug|iPhone.Build.0 = Debug|Any CPU
		{8FC5F8EF-74AC-4388-B06C-F16F4F32B0AF}.Debug|iPhoneSimulator.ActiveCfg = Debug|Any CPU
		{8FC5F8EF-74AC-4388-B06C-F16F4F32B0AF}.Debug|iPhoneSimulator.Build.0 = Debug|Any CPU
		{8FC5F8EF-74AC-4388-B06C-F16F4F32B0AF}.Release|Any CPU.ActiveCfg = Release|Any CPU
		{8FC5F8EF-74AC-4388-B06C-F16F4F32B0AF}.Release|Any CPU.Build.0 = Release|Any CPU
		{8FC5F8EF-74AC-4388-B06C-F16F4F32B0AF}.Release|iPhone.ActiveCfg = Release|Any CPU
		{8FC5F8EF-74AC-4388-B06C-F16F4F32B0AF}.Release|iPhone.Build.0 = Release|Any CPU
		{8FC5F8EF-74AC-4388-B06C-F16F4F32B0AF}.Release|iPhoneSimulator.ActiveCfg = Release|Any CPU
		{8FC5F8EF-74AC-4388-B06C-F16F4F32B0AF}.Release|iPhoneSimulator.Build.0 = Release|Any CPU
		{A4878805-DDB9-4502-97AB-F954CF30E629}.Ad-Hoc|Any CPU.ActiveCfg = Ad-Hoc|iPhoneSimulator
		{A4878805-DDB9-4502-97AB-F954CF30E629}.Ad-Hoc|iPhone.ActiveCfg = Ad-Hoc|iPhone
		{A4878805-DDB9-4502-97AB-F954CF30E629}.Ad-Hoc|iPhone.Build.0 = Ad-Hoc|iPhone
		{A4878805-DDB9-4502-97AB-F954CF30E629}.Ad-Hoc|iPhoneSimulator.ActiveCfg = Ad-Hoc|iPhoneSimulator
		{A4878805-DDB9-4502-97AB-F954CF30E629}.Ad-Hoc|iPhoneSimulator.Build.0 = Ad-Hoc|iPhoneSimulator
		{A4878805-DDB9-4502-97AB-F954CF30E629}.AppStore|Any CPU.ActiveCfg = AppStore|iPhoneSimulator
		{A4878805-DDB9-4502-97AB-F954CF30E629}.AppStore|iPhone.ActiveCfg = AppStore|iPhone
		{A4878805-DDB9-4502-97AB-F954CF30E629}.AppStore|iPhone.Build.0 = AppStore|iPhone
		{A4878805-DDB9-4502-97AB-F954CF30E629}.AppStore|iPhoneSimulator.ActiveCfg = AppStore|iPhoneSimulator
		{A4878805-DDB9-4502-97AB-F954CF30E629}.AppStore|iPhoneSimulator.Build.0 = AppStore|iPhoneSimulator
		{A4878805-DDB9-4502-97AB-F954CF30E629}.Debug|Any CPU.ActiveCfg = Debug|iPhoneSimulator
		{A4878805-DDB9-4502-97AB-F954CF30E629}.Debug|iPhone.ActiveCfg = Debug|iPhone
		{A4878805-DDB9-4502-97AB-F954CF30E629}.Debug|iPhone.Build.0 = Debug|iPhone
		{A4878805-DDB9-4502-97AB-F954CF30E629}.Debug|iPhoneSimulator.ActiveCfg = Debug|iPhoneSimulator
		{A4878805-DDB9-4502-97AB-F954CF30E629}.Debug|iPhoneSimulator.Build.0 = Debug|iPhoneSimulator
		{A4878805-DDB9-4502-97AB-F954CF30E629}.Release|Any CPU.ActiveCfg = Release|iPhoneSimulator
		{A4878805-DDB9-4502-97AB-F954CF30E629}.Release|iPhone.ActiveCfg = Release|iPhone
		{A4878805-DDB9-4502-97AB-F954CF30E629}.Release|iPhone.Build.0 = Release|iPhone
		{A4878805-DDB9-4502-97AB-F954CF30E629}.Release|iPhoneSimulator.ActiveCfg = Release|iPhoneSimulator
		{A4878805-DDB9-4502-97AB-F954CF30E629}.Release|iPhoneSimulator.Build.0 = Release|iPhoneSimulator
		{86661005-9F79-4A0A-8A70-A47B72DB94E2}.Ad-Hoc|Any CPU.ActiveCfg = Debug|Any CPU
		{86661005-9F79-4A0A-8A70-A47B72DB94E2}.Ad-Hoc|Any CPU.Build.0 = Debug|Any CPU
		{86661005-9F79-4A0A-8A70-A47B72DB94E2}.Ad-Hoc|Any CPU.Deploy.0 = Debug|Any CPU
		{86661005-9F79-4A0A-8A70-A47B72DB94E2}.Ad-Hoc|iPhone.ActiveCfg = Debug|Any CPU
		{86661005-9F79-4A0A-8A70-A47B72DB94E2}.Ad-Hoc|iPhone.Build.0 = Debug|Any CPU
		{86661005-9F79-4A0A-8A70-A47B72DB94E2}.Ad-Hoc|iPhone.Deploy.0 = Debug|Any CPU
		{86661005-9F79-4A0A-8A70-A47B72DB94E2}.Ad-Hoc|iPhoneSimulator.ActiveCfg = Debug|Any CPU
		{86661005-9F79-4A0A-8A70-A47B72DB94E2}.Ad-Hoc|iPhoneSimulator.Build.0 = Debug|Any CPU
		{86661005-9F79-4A0A-8A70-A47B72DB94E2}.Ad-Hoc|iPhoneSimulator.Deploy.0 = Debug|Any CPU
		{86661005-9F79-4A0A-8A70-A47B72DB94E2}.AppStore|Any CPU.ActiveCfg = Debug|Any CPU
		{86661005-9F79-4A0A-8A70-A47B72DB94E2}.AppStore|Any CPU.Build.0 = Debug|Any CPU
		{86661005-9F79-4A0A-8A70-A47B72DB94E2}.AppStore|Any CPU.Deploy.0 = Debug|Any CPU
		{86661005-9F79-4A0A-8A70-A47B72DB94E2}.AppStore|iPhone.ActiveCfg = Debug|Any CPU
		{86661005-9F79-4A0A-8A70-A47B72DB94E2}.AppStore|iPhone.Build.0 = Debug|Any CPU
		{86661005-9F79-4A0A-8A70-A47B72DB94E2}.AppStore|iPhone.Deploy.0 = Debug|Any CPU
		{86661005-9F79-4A0A-8A70-A47B72DB94E2}.AppStore|iPhoneSimulator.ActiveCfg = Debug|Any CPU
		{86661005-9F79-4A0A-8A70-A47B72DB94E2}.AppStore|iPhoneSimulator.Build.0 = Debug|Any CPU
		{86661005-9F79-4A0A-8A70-A47B72DB94E2}.AppStore|iPhoneSimulator.Deploy.0 = Debug|Any CPU
		{86661005-9F79-4A0A-8A70-A47B72DB94E2}.Debug|Any CPU.ActiveCfg = Debug|Any CPU
		{86661005-9F79-4A0A-8A70-A47B72DB94E2}.Debug|Any CPU.Build.0 = Debug|Any CPU
		{86661005-9F79-4A0A-8A70-A47B72DB94E2}.Debug|Any CPU.Deploy.0 = Debug|Any CPU
		{86661005-9F79-4A0A-8A70-A47B72DB94E2}.Debug|iPhone.ActiveCfg = Debug|Any CPU
		{86661005-9F79-4A0A-8A70-A47B72DB94E2}.Debug|iPhone.Build.0 = Debug|Any CPU
		{86661005-9F79-4A0A-8A70-A47B72DB94E2}.Debug|iPhone.Deploy.0 = Debug|Any CPU
		{86661005-9F79-4A0A-8A70-A47B72DB94E2}.Debug|iPhoneSimulator.ActiveCfg = Debug|Any CPU
		{86661005-9F79-4A0A-8A70-A47B72DB94E2}.Debug|iPhoneSimulator.Build.0 = Debug|Any CPU
		{86661005-9F79-4A0A-8A70-A47B72DB94E2}.Debug|iPhoneSimulator.Deploy.0 = Debug|Any CPU
		{86661005-9F79-4A0A-8A70-A47B72DB94E2}.Release|Any CPU.ActiveCfg = Release|Any CPU
		{86661005-9F79-4A0A-8A70-A47B72DB94E2}.Release|Any CPU.Build.0 = Release|Any CPU
		{86661005-9F79-4A0A-8A70-A47B72DB94E2}.Release|Any CPU.Deploy.0 = Release|Any CPU
		{86661005-9F79-4A0A-8A70-A47B72DB94E2}.Release|iPhone.ActiveCfg = Release|Any CPU
		{86661005-9F79-4A0A-8A70-A47B72DB94E2}.Release|iPhone.Build.0 = Release|Any CPU
		{86661005-9F79-4A0A-8A70-A47B72DB94E2}.Release|iPhone.Deploy.0 = Release|Any CPU
		{86661005-9F79-4A0A-8A70-A47B72DB94E2}.Release|iPhoneSimulator.ActiveCfg = Release|Any CPU
		{86661005-9F79-4A0A-8A70-A47B72DB94E2}.Release|iPhoneSimulator.Build.0 = Release|Any CPU
		{86661005-9F79-4A0A-8A70-A47B72DB94E2}.Release|iPhoneSimulator.Deploy.0 = Release|Any CPU
		{3F2351D3-B640-4147-A6B5-DC3C6C1E7D49}.Ad-Hoc|Any CPU.ActiveCfg = Debug|Any CPU
		{3F2351D3-B640-4147-A6B5-DC3C6C1E7D49}.Ad-Hoc|Any CPU.Build.0 = Debug|Any CPU
		{3F2351D3-B640-4147-A6B5-DC3C6C1E7D49}.Ad-Hoc|iPhone.ActiveCfg = Debug|Any CPU
		{3F2351D3-B640-4147-A6B5-DC3C6C1E7D49}.Ad-Hoc|iPhone.Build.0 = Debug|Any CPU
		{3F2351D3-B640-4147-A6B5-DC3C6C1E7D49}.Ad-Hoc|iPhoneSimulator.ActiveCfg = Debug|Any CPU
		{3F2351D3-B640-4147-A6B5-DC3C6C1E7D49}.Ad-Hoc|iPhoneSimulator.Build.0 = Debug|Any CPU
		{3F2351D3-B640-4147-A6B5-DC3C6C1E7D49}.AppStore|Any CPU.ActiveCfg = Debug|Any CPU
		{3F2351D3-B640-4147-A6B5-DC3C6C1E7D49}.AppStore|Any CPU.Build.0 = Debug|Any CPU
		{3F2351D3-B640-4147-A6B5-DC3C6C1E7D49}.AppStore|iPhone.ActiveCfg = Debug|Any CPU
		{3F2351D3-B640-4147-A6B5-DC3C6C1E7D49}.AppStore|iPhone.Build.0 = Debug|Any CPU
		{3F2351D3-B640-4147-A6B5-DC3C6C1E7D49}.AppStore|iPhoneSimulator.ActiveCfg = Debug|Any CPU
		{3F2351D3-B640-4147-A6B5-DC3C6C1E7D49}.AppStore|iPhoneSimulator.Build.0 = Debug|Any CPU
		{3F2351D3-B640-4147-A6B5-DC3C6C1E7D49}.Debug|Any CPU.ActiveCfg = Debug|Any CPU
		{3F2351D3-B640-4147-A6B5-DC3C6C1E7D49}.Debug|Any CPU.Build.0 = Debug|Any CPU
		{3F2351D3-B640-4147-A6B5-DC3C6C1E7D49}.Debug|iPhone.ActiveCfg = Debug|Any CPU
		{3F2351D3-B640-4147-A6B5-DC3C6C1E7D49}.Debug|iPhone.Build.0 = Debug|Any CPU
		{3F2351D3-B640-4147-A6B5-DC3C6C1E7D49}.Debug|iPhoneSimulator.ActiveCfg = Debug|Any CPU
		{3F2351D3-B640-4147-A6B5-DC3C6C1E7D49}.Debug|iPhoneSimulator.Build.0 = Debug|Any CPU
		{3F2351D3-B640-4147-A6B5-DC3C6C1E7D49}.Release|Any CPU.ActiveCfg = Release|Any CPU
		{3F2351D3-B640-4147-A6B5-DC3C6C1E7D49}.Release|Any CPU.Build.0 = Release|Any CPU
		{3F2351D3-B640-4147-A6B5-DC3C6C1E7D49}.Release|iPhone.ActiveCfg = Release|Any CPU
		{3F2351D3-B640-4147-A6B5-DC3C6C1E7D49}.Release|iPhone.Build.0 = Release|Any CPU
		{3F2351D3-B640-4147-A6B5-DC3C6C1E7D49}.Release|iPhoneSimulator.ActiveCfg = Release|Any CPU
		{3F2351D3-B640-4147-A6B5-DC3C6C1E7D49}.Release|iPhoneSimulator.Build.0 = Release|Any CPU
		{22B69FD5-C6A7-4F54-9619-D23E177396EE}.Ad-Hoc|Any CPU.ActiveCfg = Debug|Any CPU
		{22B69FD5-C6A7-4F54-9619-D23E177396EE}.Ad-Hoc|Any CPU.Build.0 = Debug|Any CPU
		{22B69FD5-C6A7-4F54-9619-D23E177396EE}.Ad-Hoc|iPhone.ActiveCfg = Debug|Any CPU
		{22B69FD5-C6A7-4F54-9619-D23E177396EE}.Ad-Hoc|iPhone.Build.0 = Debug|Any CPU
		{22B69FD5-C6A7-4F54-9619-D23E177396EE}.Ad-Hoc|iPhoneSimulator.ActiveCfg = Debug|Any CPU
		{22B69FD5-C6A7-4F54-9619-D23E177396EE}.Ad-Hoc|iPhoneSimulator.Build.0 = Debug|Any CPU
		{22B69FD5-C6A7-4F54-9619-D23E177396EE}.AppStore|Any CPU.ActiveCfg = Debug|Any CPU
		{22B69FD5-C6A7-4F54-9619-D23E177396EE}.AppStore|Any CPU.Build.0 = Debug|Any CPU
		{22B69FD5-C6A7-4F54-9619-D23E177396EE}.AppStore|iPhone.ActiveCfg = Debug|Any CPU
		{22B69FD5-C6A7-4F54-9619-D23E177396EE}.AppStore|iPhone.Build.0 = Debug|Any CPU
		{22B69FD5-C6A7-4F54-9619-D23E177396EE}.AppStore|iPhoneSimulator.ActiveCfg = Debug|Any CPU
		{22B69FD5-C6A7-4F54-9619-D23E177396EE}.AppStore|iPhoneSimulator.Build.0 = Debug|Any CPU
		{22B69FD5-C6A7-4F54-9619-D23E177396EE}.Debug|Any CPU.ActiveCfg = Debug|Any CPU
		{22B69FD5-C6A7-4F54-9619-D23E177396EE}.Debug|Any CPU.Build.0 = Debug|Any CPU
		{22B69FD5-C6A7-4F54-9619-D23E177396EE}.Debug|iPhone.ActiveCfg = Debug|Any CPU
		{22B69FD5-C6A7-4F54-9619-D23E177396EE}.Debug|iPhone.Build.0 = Debug|Any CPU
		{22B69FD5-C6A7-4F54-9619-D23E177396EE}.Debug|iPhoneSimulator.ActiveCfg = Debug|Any CPU
		{22B69FD5-C6A7-4F54-9619-D23E177396EE}.Debug|iPhoneSimulator.Build.0 = Debug|Any CPU
		{22B69FD5-C6A7-4F54-9619-D23E177396EE}.Release|Any CPU.ActiveCfg = Release|Any CPU
		{22B69FD5-C6A7-4F54-9619-D23E177396EE}.Release|Any CPU.Build.0 = Release|Any CPU
		{22B69FD5-C6A7-4F54-9619-D23E177396EE}.Release|iPhone.ActiveCfg = Release|Any CPU
		{22B69FD5-C6A7-4F54-9619-D23E177396EE}.Release|iPhone.Build.0 = Release|Any CPU
		{22B69FD5-C6A7-4F54-9619-D23E177396EE}.Release|iPhoneSimulator.ActiveCfg = Release|Any CPU
		{22B69FD5-C6A7-4F54-9619-D23E177396EE}.Release|iPhoneSimulator.Build.0 = Release|Any CPU
		{1430A22E-1718-4DD3-8C89-DA435D399D72}.Ad-Hoc|Any CPU.ActiveCfg = Debug|Any CPU
		{1430A22E-1718-4DD3-8C89-DA435D399D72}.Ad-Hoc|Any CPU.Build.0 = Debug|Any CPU
		{1430A22E-1718-4DD3-8C89-DA435D399D72}.Ad-Hoc|iPhone.ActiveCfg = Debug|Any CPU
		{1430A22E-1718-4DD3-8C89-DA435D399D72}.Ad-Hoc|iPhone.Build.0 = Debug|Any CPU
		{1430A22E-1718-4DD3-8C89-DA435D399D72}.Ad-Hoc|iPhoneSimulator.ActiveCfg = Debug|Any CPU
		{1430A22E-1718-4DD3-8C89-DA435D399D72}.Ad-Hoc|iPhoneSimulator.Build.0 = Debug|Any CPU
		{1430A22E-1718-4DD3-8C89-DA435D399D72}.AppStore|Any CPU.ActiveCfg = Debug|Any CPU
		{1430A22E-1718-4DD3-8C89-DA435D399D72}.AppStore|Any CPU.Build.0 = Debug|Any CPU
		{1430A22E-1718-4DD3-8C89-DA435D399D72}.AppStore|iPhone.ActiveCfg = Debug|Any CPU
		{1430A22E-1718-4DD3-8C89-DA435D399D72}.AppStore|iPhone.Build.0 = Debug|Any CPU
		{1430A22E-1718-4DD3-8C89-DA435D399D72}.AppStore|iPhoneSimulator.ActiveCfg = Debug|Any CPU
		{1430A22E-1718-4DD3-8C89-DA435D399D72}.AppStore|iPhoneSimulator.Build.0 = Debug|Any CPU
		{1430A22E-1718-4DD3-8C89-DA435D399D72}.Debug|Any CPU.ActiveCfg = Debug|Any CPU
		{1430A22E-1718-4DD3-8C89-DA435D399D72}.Debug|Any CPU.Build.0 = Debug|Any CPU
		{1430A22E-1718-4DD3-8C89-DA435D399D72}.Debug|iPhone.ActiveCfg = Debug|Any CPU
		{1430A22E-1718-4DD3-8C89-DA435D399D72}.Debug|iPhone.Build.0 = Debug|Any CPU
		{1430A22E-1718-4DD3-8C89-DA435D399D72}.Debug|iPhoneSimulator.ActiveCfg = Debug|Any CPU
		{1430A22E-1718-4DD3-8C89-DA435D399D72}.Debug|iPhoneSimulator.Build.0 = Debug|Any CPU
		{1430A22E-1718-4DD3-8C89-DA435D399D72}.Release|Any CPU.ActiveCfg = Release|Any CPU
		{1430A22E-1718-4DD3-8C89-DA435D399D72}.Release|Any CPU.Build.0 = Release|Any CPU
		{1430A22E-1718-4DD3-8C89-DA435D399D72}.Release|iPhone.ActiveCfg = Release|Any CPU
		{1430A22E-1718-4DD3-8C89-DA435D399D72}.Release|iPhone.Build.0 = Release|Any CPU
		{1430A22E-1718-4DD3-8C89-DA435D399D72}.Release|iPhoneSimulator.ActiveCfg = Release|Any CPU
		{1430A22E-1718-4DD3-8C89-DA435D399D72}.Release|iPhoneSimulator.Build.0 = Release|Any CPU
	EndGlobalSection
	GlobalSection(SolutionProperties) = preSolution
		HideSolutionNode = FALSE
	EndGlobalSection
	GlobalSection(NestedProjects) = preSolution
		{3DF0932E-182F-41BE-8CC1-C0363520E7FF} = {E040FF78-13D0-494D-88A7-753FE4B7C4B7}
		{E1834302-4B28-4845-8D03-9C78A00D63E7} = {E040FF78-13D0-494D-88A7-753FE4B7C4B7}
		{4226338C-261B-4C09-89EA-258E2F96E4E6} = {E040FF78-13D0-494D-88A7-753FE4B7C4B7}
		{77F7ABC5-55BB-48C0-B589-402F0A8C35E1} = {E040FF78-13D0-494D-88A7-753FE4B7C4B7}
		{45C9F90E-6D1E-4967-B323-3FF4508D317E} = {E040FF78-13D0-494D-88A7-753FE4B7C4B7}
		{171AD673-8BEC-409D-A6B7-C08EAB24E4A9} = {E040FF78-13D0-494D-88A7-753FE4B7C4B7}
		{8FC5F8EF-74AC-4388-B06C-F16F4F32B0AF} = {171AD673-8BEC-409D-A6B7-C08EAB24E4A9}
		{3F2351D3-B640-4147-A6B5-DC3C6C1E7D49} = {E040FF78-13D0-494D-88A7-753FE4B7C4B7}
		{22B69FD5-C6A7-4F54-9619-D23E177396EE} = {E040FF78-13D0-494D-88A7-753FE4B7C4B7}
		{1430A22E-1718-4DD3-8C89-DA435D399D72} = {171AD673-8BEC-409D-A6B7-C08EAB24E4A9}
	EndGlobalSection
	GlobalSection(ExtensibilityGlobals) = postSolution
		SolutionGuid = {FADE9D21-201E-432C-ABCE-09F1F0A6D9D0}
	EndGlobalSection
EndGlobal
